// !$*UTF8*$!
{
	archiveVersion = 1;
	classes = {
	};
	objectVersion = 55;
	objects = {

/* Begin PBXBuildFile section */
		8583137E292F6D9F004977EA /* AppDelegate.swift in Sources */ = {isa = PBXBuildFile; fileRef = 8583137D292F6D9F004977EA /* AppDelegate.swift */; };
		85831380292F6D9F004977EA /* SceneDelegate.swift in Sources */ = {isa = PBXBuildFile; fileRef = 8583137F292F6D9F004977EA /* SceneDelegate.swift */; };
		85831382292F6D9F004977EA /* ViewController.swift in Sources */ = {isa = PBXBuildFile; fileRef = 85831381292F6D9F004977EA /* ViewController.swift */; };
		85831385292F6D9F004977EA /* Main.storyboard in Resources */ = {isa = PBXBuildFile; fileRef = 85831383292F6D9F004977EA /* Main.storyboard */; };
		85831387292F6DA4004977EA /* Assets.xcassets in Resources */ = {isa = PBXBuildFile; fileRef = 85831386292F6DA4004977EA /* Assets.xcassets */; };
		8583138A292F6DA4004977EA /* LaunchScreen.storyboard in Resources */ = {isa = PBXBuildFile; fileRef = 85831388292F6DA4004977EA /* LaunchScreen.storyboard */; };
		85831395292F6DA5004977EA /* AppTemplateTests.swift in Sources */ = {isa = PBXBuildFile; fileRef = 85831394292F6DA5004977EA /* AppTemplateTests.swift */; };
		8583139F292F6DA5004977EA /* AppTemplateUITests.swift in Sources */ = {isa = PBXBuildFile; fileRef = 8583139E292F6DA5004977EA /* AppTemplateUITests.swift */; };
		858313A1292F6DA5004977EA /* AppTemplateUITestsLaunchTests.swift in Sources */ = {isa = PBXBuildFile; fileRef = 858313A0292F6DA5004977EA /* AppTemplateUITestsLaunchTests.swift */; };
/* End PBXBuildFile section */

/* Begin PBXContainerItemProxy section */
		85831391292F6DA5004977EA /* PBXContainerItemProxy */ = {
			isa = PBXContainerItemProxy;
			containerPortal = 85831372292F6D9F004977EA /* Project object */;
			proxyType = 1;
			remoteGlobalIDString = 85831379292F6D9F004977EA;
			remoteInfo = AppTemplate;
		};
		8583139B292F6DA5004977EA /* PBXContainerItemProxy */ = {
			isa = PBXContainerItemProxy;
			containerPortal = 85831372292F6D9F004977EA /* Project object */;
			proxyType = 1;
			remoteGlobalIDString = 85831379292F6D9F004977EA;
			remoteInfo = AppTemplate;
		};
/* End PBXContainerItemProxy section */

/* Begin PBXFileReference section */
		8583137A292F6D9F004977EA /* AppTemplate.app */ = {isa = PBXFileReference; explicitFileType = wrapper.application; includeInIndex = 0; path = AppTemplate.app; sourceTree = BUILT_PRODUCTS_DIR; };
		8583137D292F6D9F004977EA /* AppDelegate.swift */ = {isa = PBXFileReference; lastKnownFileType = sourcecode.swift; path = AppDelegate.swift; sourceTree = "<group>"; };
		8583137F292F6D9F004977EA /* SceneDelegate.swift */ = {isa = PBXFileReference; lastKnownFileType = sourcecode.swift; path = SceneDelegate.swift; sourceTree = "<group>"; };
		85831381292F6D9F004977EA /* ViewController.swift */ = {isa = PBXFileReference; lastKnownFileType = sourcecode.swift; path = ViewController.swift; sourceTree = "<group>"; };
		85831384292F6D9F004977EA /* Base */ = {isa = PBXFileReference; lastKnownFileType = file.storyboard; name = Base; path = Base.lproj/Main.storyboard; sourceTree = "<group>"; };
		85831386292F6DA4004977EA /* Assets.xcassets */ = {isa = PBXFileReference; lastKnownFileType = folder.assetcatalog; path = Assets.xcassets; sourceTree = "<group>"; };
		85831389292F6DA4004977EA /* Base */ = {isa = PBXFileReference; lastKnownFileType = file.storyboard; name = Base; path = Base.lproj/LaunchScreen.storyboard; sourceTree = "<group>"; };
		8583138B292F6DA4004977EA /* Info.plist */ = {isa = PBXFileReference; lastKnownFileType = text.plist.xml; path = Info.plist; sourceTree = "<group>"; };
		85831390292F6DA5004977EA /* AppTemplateTests.xctest */ = {isa = PBXFileReference; explicitFileType = wrapper.cfbundle; includeInIndex = 0; path = AppTemplateTests.xctest; sourceTree = BUILT_PRODUCTS_DIR; };
		85831394292F6DA5004977EA /* AppTemplateTests.swift */ = {isa = PBXFileReference; lastKnownFileType = sourcecode.swift; path = AppTemplateTests.swift; sourceTree = "<group>"; };
		8583139A292F6DA5004977EA /* AppTemplateUITests.xctest */ = {isa = PBXFileReference; explicitFileType = wrapper.cfbundle; includeInIndex = 0; path = AppTemplateUITests.xctest; sourceTree = BUILT_PRODUCTS_DIR; };
		8583139E292F6DA5004977EA /* AppTemplateUITests.swift */ = {isa = PBXFileReference; lastKnownFileType = sourcecode.swift; path = AppTemplateUITests.swift; sourceTree = "<group>"; };
		858313A0292F6DA5004977EA /* AppTemplateUITestsLaunchTests.swift */ = {isa = PBXFileReference; lastKnownFileType = sourcecode.swift; path = AppTemplateUITestsLaunchTests.swift; sourceTree = "<group>"; };
/* End PBXFileReference section */

/* Begin PBXFrameworksBuildPhase section */
		85831377292F6D9F004977EA /* Frameworks */ = {
			isa = PBXFrameworksBuildPhase;
			buildActionMask = 2147483647;
			files = (
			);
			runOnlyForDeploymentPostprocessing = 0;
		};
		8583138D292F6DA5004977EA /* Frameworks */ = {
			isa = PBXFrameworksBuildPhase;
			buildActionMask = 2147483647;
			files = (
			);
			runOnlyForDeploymentPostprocessing = 0;
		};
		85831397292F6DA5004977EA /* Frameworks */ = {
			isa = PBXFrameworksBuildPhase;
			buildActionMask = 2147483647;
			files = (
			);
			runOnlyForDeploymentPostprocessing = 0;
		};
/* End PBXFrameworksBuildPhase section */

/* Begin PBXGroup section */
		85831371292F6D9F004977EA = {
			isa = PBXGroup;
			children = (
				8583137C292F6D9F004977EA /* AppTemplate */,
				85831393292F6DA5004977EA /* AppTemplateTests */,
				8583139D292F6DA5004977EA /* AppTemplateUITests */,
				8583137B292F6D9F004977EA /* Products */,
			);
			sourceTree = "<group>";
		};
		8583137B292F6D9F004977EA /* Products */ = {
			isa = PBXGroup;
			children = (
				8583137A292F6D9F004977EA /* AppTemplate.app */,
				85831390292F6DA5004977EA /* AppTemplateTests.xctest */,
				8583139A292F6DA5004977EA /* AppTemplateUITests.xctest */,
			);
			name = Products;
			sourceTree = "<group>";
		};
		8583137C292F6D9F004977EA /* AppTemplate */ = {
			isa = PBXGroup;
			children = (
				8583137D292F6D9F004977EA /* AppDelegate.swift */,
				8583137F292F6D9F004977EA /* SceneDelegate.swift */,
				85831381292F6D9F004977EA /* ViewController.swift */,
				85831383292F6D9F004977EA /* Main.storyboard */,
				85831386292F6DA4004977EA /* Assets.xcassets */,
				85831388292F6DA4004977EA /* LaunchScreen.storyboard */,
				8583138B292F6DA4004977EA /* Info.plist */,
			);
			path = AppTemplate;
			sourceTree = "<group>";
		};
		85831393292F6DA5004977EA /* AppTemplateTests */ = {
			isa = PBXGroup;
			children = (
				85831394292F6DA5004977EA /* AppTemplateTests.swift */,
			);
			path = AppTemplateTests;
			sourceTree = "<group>";
		};
		8583139D292F6DA5004977EA /* AppTemplateUITests */ = {
			isa = PBXGroup;
			children = (
				8583139E292F6DA5004977EA /* AppTemplateUITests.swift */,
				858313A0292F6DA5004977EA /* AppTemplateUITestsLaunchTests.swift */,
			);
			path = AppTemplateUITests;
			sourceTree = "<group>";
		};
/* End PBXGroup section */

/* Begin PBXNativeTarget section */
		85831379292F6D9F004977EA /* AppTemplate */ = {
			isa = PBXNativeTarget;
			buildConfigurationList = 858313A4292F6DA5004977EA /* Build configuration list for PBXNativeTarget "AppTemplate" */;
			buildPhases = (
				85831376292F6D9F004977EA /* Sources */,
				85831377292F6D9F004977EA /* Frameworks */,
				85831378292F6D9F004977EA /* Resources */,
			);
			buildRules = (
			);
			dependencies = (
			);
			name = AppTemplate;
			productName = AppTemplate;
			productReference = 8583137A292F6D9F004977EA /* AppTemplate.app */;
			productType = "com.apple.product-type.application";
		};
		8583138F292F6DA5004977EA /* AppTemplateTests */ = {
			isa = PBXNativeTarget;
			buildConfigurationList = 858313A7292F6DA5004977EA /* Build configuration list for PBXNativeTarget "AppTemplateTests" */;
			buildPhases = (
				8583138C292F6DA5004977EA /* Sources */,
				8583138D292F6DA5004977EA /* Frameworks */,
				8583138E292F6DA5004977EA /* Resources */,
			);
			buildRules = (
			);
			dependencies = (
				85831392292F6DA5004977EA /* PBXTargetDependency */,
			);
			name = AppTemplateTests;
			productName = AppTemplateTests;
			productReference = 85831390292F6DA5004977EA /* AppTemplateTests.xctest */;
			productType = "com.apple.product-type.bundle.unit-test";
		};
		85831399292F6DA5004977EA /* AppTemplateUITests */ = {
			isa = PBXNativeTarget;
			buildConfigurationList = 858313AA292F6DA5004977EA /* Build configuration list for PBXNativeTarget "AppTemplateUITests" */;
			buildPhases = (
				85831396292F6DA5004977EA /* Sources */,
				85831397292F6DA5004977EA /* Frameworks */,
				85831398292F6DA5004977EA /* Resources */,
			);
			buildRules = (
			);
			dependencies = (
				8583139C292F6DA5004977EA /* PBXTargetDependency */,
			);
			name = AppTemplateUITests;
			productName = AppTemplateUITests;
			productReference = 8583139A292F6DA5004977EA /* AppTemplateUITests.xctest */;
			productType = "com.apple.product-type.bundle.ui-testing";
		};
/* End PBXNativeTarget section */

/* Begin PBXProject section */
		85831372292F6D9F004977EA /* Project object */ = {
			isa = PBXProject;
			attributes = {
				BuildIndependentTargetsInParallel = 1;
				LastSwiftUpdateCheck = 1340;
				LastUpgradeCheck = 1340;
				TargetAttributes = {
					85831379292F6D9F004977EA = {
						CreatedOnToolsVersion = 13.4.1;
					};
					8583138F292F6DA5004977EA = {
						CreatedOnToolsVersion = 13.4.1;
						TestTargetID = 85831379292F6D9F004977EA;
					};
					85831399292F6DA5004977EA = {
						CreatedOnToolsVersion = 13.4.1;
						TestTargetID = 85831379292F6D9F004977EA;
					};
				};
			};
			buildConfigurationList = 85831375292F6D9F004977EA /* Build configuration list for PBXProject "AppTemplate" */;
			compatibilityVersion = "Xcode 13.0";
			developmentRegion = en;
			hasScannedForEncodings = 0;
			knownRegions = (
				en,
				Base,
			);
			mainGroup = 85831371292F6D9F004977EA;
			productRefGroup = 8583137B292F6D9F004977EA /* Products */;
			projectDirPath = "";
			projectRoot = "";
			targets = (
				85831379292F6D9F004977EA /* AppTemplate */,
				8583138F292F6DA5004977EA /* AppTemplateTests */,
				85831399292F6DA5004977EA /* AppTemplateUITests */,
			);
		};
/* End PBXProject section */

/* Begin PBXResourcesBuildPhase section */
		85831378292F6D9F004977EA /* Resources */ = {
			isa = PBXResourcesBuildPhase;
			buildActionMask = 2147483647;
			files = (
				8583138A292F6DA4004977EA /* LaunchScreen.storyboard in Resources */,
				85831387292F6DA4004977EA /* Assets.xcassets in Resources */,
				85831385292F6D9F004977EA /* Main.storyboard in Resources */,
			);
			runOnlyForDeploymentPostprocessing = 0;
		};
		8583138E292F6DA5004977EA /* Resources */ = {
			isa = PBXResourcesBuildPhase;
			buildActionMask = 2147483647;
			files = (
			);
			runOnlyForDeploymentPostprocessing = 0;
		};
		85831398292F6DA5004977EA /* Resources */ = {
			isa = PBXResourcesBuildPhase;
			buildActionMask = 2147483647;
			files = (
			);
			runOnlyForDeploymentPostprocessing = 0;
		};
/* End PBXResourcesBuildPhase section */

/* Begin PBXSourcesBuildPhase section */
		85831376292F6D9F004977EA /* Sources */ = {
			isa = PBXSourcesBuildPhase;
			buildActionMask = 2147483647;
			files = (
				85831382292F6D9F004977EA /* ViewController.swift in Sources */,
				8583137E292F6D9F004977EA /* AppDelegate.swift in Sources */,
				85831380292F6D9F004977EA /* SceneDelegate.swift in Sources */,
			);
			runOnlyForDeploymentPostprocessing = 0;
		};
		8583138C292F6DA5004977EA /* Sources */ = {
			isa = PBXSourcesBuildPhase;
			buildActionMask = 2147483647;
			files = (
				85831395292F6DA5004977EA /* AppTemplateTests.swift in Sources */,
			);
			runOnlyForDeploymentPostprocessing = 0;
		};
		85831396292F6DA5004977EA /* Sources */ = {
			isa = PBXSourcesBuildPhase;
			buildActionMask = 2147483647;
			files = (
				858313A1292F6DA5004977EA /* AppTemplateUITestsLaunchTests.swift in Sources */,
				8583139F292F6DA5004977EA /* AppTemplateUITests.swift in Sources */,
			);
			runOnlyForDeploymentPostprocessing = 0;
		};
/* End PBXSourcesBuildPhase section */

/* Begin PBXTargetDependency section */
		85831392292F6DA5004977EA /* PBXTargetDependency */ = {
			isa = PBXTargetDependency;
			target = 85831379292F6D9F004977EA /* AppTemplate */;
			targetProxy = 85831391292F6DA5004977EA /* PBXContainerItemProxy */;
		};
		8583139C292F6DA5004977EA /* PBXTargetDependency */ = {
			isa = PBXTargetDependency;
			target = 85831379292F6D9F004977EA /* AppTemplate */;
			targetProxy = 8583139B292F6DA5004977EA /* PBXContainerItemProxy */;
		};
/* End PBXTargetDependency section */

/* Begin PBXVariantGroup section */
		85831383292F6D9F004977EA /* Main.storyboard */ = {
			isa = PBXVariantGroup;
			children = (
				85831384292F6D9F004977EA /* Base */,
			);
			name = Main.storyboard;
			sourceTree = "<group>";
		};
		85831388292F6DA4004977EA /* LaunchScreen.storyboard */ = {
			isa = PBXVariantGroup;
			children = (
				85831389292F6DA4004977EA /* Base */,
			);
			name = LaunchScreen.storyboard;
			sourceTree = "<group>";
		};
/* End PBXVariantGroup section */

/* Begin XCBuildConfiguration section */
		858313A2292F6DA5004977EA /* Debug */ = {
			isa = XCBuildConfiguration;
			buildSettings = {
				ALWAYS_SEARCH_USER_PATHS = NO;
				CLANG_ANALYZER_NONNULL = YES;
				CLANG_ANALYZER_NUMBER_OBJECT_CONVERSION = YES_AGGRESSIVE;
				CLANG_CXX_LANGUAGE_STANDARD = "gnu++17";
				CLANG_ENABLE_MODULES = YES;
				CLANG_ENABLE_OBJC_ARC = YES;
				CLANG_ENABLE_OBJC_WEAK = YES;
				CLANG_WARN_BLOCK_CAPTURE_AUTORELEASING = YES;
				CLANG_WARN_BOOL_CONVERSION = YES;
				CLANG_WARN_COMMA = YES;
				CLANG_WARN_CONSTANT_CONVERSION = YES;
				CLANG_WARN_DEPRECATED_OBJC_IMPLEMENTATIONS = YES;
				CLANG_WARN_DIRECT_OBJC_ISA_USAGE = YES_ERROR;
				CLANG_WARN_DOCUMENTATION_COMMENTS = YES;
				CLANG_WARN_EMPTY_BODY = YES;
				CLANG_WARN_ENUM_CONVERSION = YES;
				CLANG_WARN_INFINITE_RECURSION = YES;
				CLANG_WARN_INT_CONVERSION = YES;
				CLANG_WARN_NON_LITERAL_NULL_CONVERSION = YES;
				CLANG_WARN_OBJC_IMPLICIT_RETAIN_SELF = YES;
				CLANG_WARN_OBJC_LITERAL_CONVERSION = YES;
				CLANG_WARN_OBJC_ROOT_CLASS = YES_ERROR;
				CLANG_WARN_QUOTED_INCLUDE_IN_FRAMEWORK_HEADER = YES;
				CLANG_WARN_RANGE_LOOP_ANALYSIS = YES;
				CLANG_WARN_STRICT_PROTOTYPES = YES;
				CLANG_WARN_SUSPICIOUS_MOVE = YES;
				CLANG_WARN_UNGUARDED_AVAILABILITY = YES_AGGRESSIVE;
				CLANG_WARN_UNREACHABLE_CODE = YES;
				CLANG_WARN__DUPLICATE_METHOD_MATCH = YES;
				COPY_PHASE_STRIP = NO;
				DEBUG_INFORMATION_FORMAT = dwarf;
				ENABLE_STRICT_OBJC_MSGSEND = YES;
				ENABLE_TESTABILITY = YES;
				GCC_C_LANGUAGE_STANDARD = gnu11;
				GCC_DYNAMIC_NO_PIC = NO;
				GCC_NO_COMMON_BLOCKS = YES;
				GCC_OPTIMIZATION_LEVEL = 0;
				GCC_PREPROCESSOR_DEFINITIONS = (
					"DEBUG=1",
					"$(inherited)",
				);
				GCC_WARN_64_TO_32_BIT_CONVERSION = YES;
				GCC_WARN_ABOUT_RETURN_TYPE = YES_ERROR;
				GCC_WARN_UNDECLARED_SELECTOR = YES;
				GCC_WARN_UNINITIALIZED_AUTOS = YES_AGGRESSIVE;
				GCC_WARN_UNUSED_FUNCTION = YES;
				GCC_WARN_UNUSED_VARIABLE = YES;
				IPHONEOS_DEPLOYMENT_TARGET = 15.5;
				MTL_ENABLE_DEBUG_INFO = INCLUDE_SOURCE;
				MTL_FAST_MATH = YES;
				ONLY_ACTIVE_ARCH = YES;
				SDKROOT = iphoneos;
				SWIFT_ACTIVE_COMPILATION_CONDITIONS = DEBUG;
				SWIFT_OPTIMIZATION_LEVEL = "-Onone";
			};
			name = Debug;
		};
		858313A3292F6DA5004977EA /* Release */ = {
			isa = XCBuildConfiguration;
			buildSettings = {
				ALWAYS_SEARCH_USER_PATHS = NO;
				CLANG_ANALYZER_NONNULL = YES;
				CLANG_ANALYZER_NUMBER_OBJECT_CONVERSION = YES_AGGRESSIVE;
				CLANG_CXX_LANGUAGE_STANDARD = "gnu++17";
				CLANG_ENABLE_MODULES = YES;
				CLANG_ENABLE_OBJC_ARC = YES;
				CLANG_ENABLE_OBJC_WEAK = YES;
				CLANG_WARN_BLOCK_CAPTURE_AUTORELEASING = YES;
				CLANG_WARN_BOOL_CONVERSION = YES;
				CLANG_WARN_COMMA = YES;
				CLANG_WARN_CONSTANT_CONVERSION = YES;
				CLANG_WARN_DEPRECATED_OBJC_IMPLEMENTATIONS = YES;
				CLANG_WARN_DIRECT_OBJC_ISA_USAGE = YES_ERROR;
				CLANG_WARN_DOCUMENTATION_COMMENTS = YES;
				CLANG_WARN_EMPTY_BODY = YES;
				CLANG_WARN_ENUM_CONVERSION = YES;
				CLANG_WARN_INFINITE_RECURSION = YES;
				CLANG_WARN_INT_CONVERSION = YES;
				CLANG_WARN_NON_LITERAL_NULL_CONVERSION = YES;
				CLANG_WARN_OBJC_IMPLICIT_RETAIN_SELF = YES;
				CLANG_WARN_OBJC_LITERAL_CONVERSION = YES;
				CLANG_WARN_OBJC_ROOT_CLASS = YES_ERROR;
				CLANG_WARN_QUOTED_INCLUDE_IN_FRAMEWORK_HEADER = YES;
				CLANG_WARN_RANGE_LOOP_ANALYSIS = YES;
				CLANG_WARN_STRICT_PROTOTYPES = YES;
				CLANG_WARN_SUSPICIOUS_MOVE = YES;
				CLANG_WARN_UNGUARDED_AVAILABILITY = YES_AGGRESSIVE;
				CLANG_WARN_UNREACHABLE_CODE = YES;
				CLANG_WARN__DUPLICATE_METHOD_MATCH = YES;
				COPY_PHASE_STRIP = NO;
				DEBUG_INFORMATION_FORMAT = "dwarf-with-dsym";
				ENABLE_NS_ASSERTIONS = NO;
				ENABLE_STRICT_OBJC_MSGSEND = YES;
				GCC_C_LANGUAGE_STANDARD = gnu11;
				GCC_NO_COMMON_BLOCKS = YES;
				GCC_WARN_64_TO_32_BIT_CONVERSION = YES;
				GCC_WARN_ABOUT_RETURN_TYPE = YES_ERROR;
				GCC_WARN_UNDECLARED_SELECTOR = YES;
				GCC_WARN_UNINITIALIZED_AUTOS = YES_AGGRESSIVE;
				GCC_WARN_UNUSED_FUNCTION = YES;
				GCC_WARN_UNUSED_VARIABLE = YES;
				IPHONEOS_DEPLOYMENT_TARGET = 15.5;
				MTL_ENABLE_DEBUG_INFO = NO;
				MTL_FAST_MATH = YES;
				SDKROOT = iphoneos;
				SWIFT_COMPILATION_MODE = wholemodule;
				SWIFT_OPTIMIZATION_LEVEL = "-O";
				VALIDATE_PRODUCT = YES;
			};
			name = Release;
		};
		858313A5292F6DA5004977EA /* Debug */ = {
			isa = XCBuildConfiguration;
			buildSettings = {
				ASSETCATALOG_COMPILER_APPICON_NAME = AppIcon;
				ASSETCATALOG_COMPILER_GLOBAL_ACCENT_COLOR_NAME = AccentColor;
				CODE_SIGN_STYLE = Automatic;
				CURRENT_PROJECT_VERSION = 1;
				DEVELOPMENT_TEAM = YY8J3FPYX8;
				GENERATE_INFOPLIST_FILE = YES;
				INFOPLIST_FILE = AppTemplate/Info.plist;
				INFOPLIST_KEY_UIApplicationSupportsIndirectInputEvents = YES;
				INFOPLIST_KEY_UILaunchStoryboardName = LaunchScreen;
				INFOPLIST_KEY_UIMainStoryboardFile = Main;
				INFOPLIST_KEY_UISupportedInterfaceOrientations_iPad = "UIInterfaceOrientationPortrait UIInterfaceOrientationPortraitUpsideDown UIInterfaceOrientationLandscapeLeft UIInterfaceOrientationLandscapeRight";
				INFOPLIST_KEY_UISupportedInterfaceOrientations_iPhone = "UIInterfaceOrientationPortrait UIInterfaceOrientationLandscapeLeft UIInterfaceOrientationLandscapeRight";
				LD_RUNPATH_SEARCH_PATHS = (
					"$(inherited)",
					"@executable_path/Frameworks",
				);
				MARKETING_VERSION = 1.0;
				PRODUCT_BUNDLE_IDENTIFIER = com.timothyrosenvall.AppTemplate;
				PRODUCT_NAME = "$(TARGET_NAME)";
				SWIFT_EMIT_LOC_STRINGS = YES;
				SWIFT_VERSION = 5.0;
				TARGETED_DEVICE_FAMILY = "1,2";
			};
			name = Debug;
		};
		858313A6292F6DA5004977EA /* Release */ = {
			isa = XCBuildConfiguration;
			buildSettings = {
				ASSETCATALOG_COMPILER_APPICON_NAME = AppIcon;
				ASSETCATALOG_COMPILER_GLOBAL_ACCENT_COLOR_NAME = AccentColor;
				CODE_SIGN_STYLE = Automatic;
				CURRENT_PROJECT_VERSION = 1;
				DEVELOPMENT_TEAM = YY8J3FPYX8;
				GENERATE_INFOPLIST_FILE = YES;
				INFOPLIST_FILE = AppTemplate/Info.plist;
				INFOPLIST_KEY_UIApplicationSupportsIndirectInputEvents = YES;
				INFOPLIST_KEY_UILaunchStoryboardName = LaunchScreen;
				INFOPLIST_KEY_UIMainStoryboardFile = Main;
				INFOPLIST_KEY_UISupportedInterfaceOrientations_iPad = "UIInterfaceOrientationPortrait UIInterfaceOrientationPortraitUpsideDown UIInterfaceOrientationLandscapeLeft UIInterfaceOrientationLandscapeRight";
				INFOPLIST_KEY_UISupportedInterfaceOrientations_iPhone = "UIInterfaceOrientationPortrait UIInterfaceOrientationLandscapeLeft UIInterfaceOrientationLandscapeRight";
				LD_RUNPATH_SEARCH_PATHS = (
					"$(inherited)",
					"@executable_path/Frameworks",
				);
				MARKETING_VERSION = 1.0;
				PRODUCT_BUNDLE_IDENTIFIER = com.timothyrosenvall.AppTemplate;
				PRODUCT_NAME = "$(TARGET_NAME)";
				SWIFT_EMIT_LOC_STRINGS = YES;
				SWIFT_VERSION = 5.0;
				TARGETED_DEVICE_FAMILY = "1,2";
			};
			name = Release;
		};
		858313A8292F6DA5004977EA /* Debug */ = {
			isa = XCBuildConfiguration;
			buildSettings = {
				ALWAYS_EMBED_SWIFT_STANDARD_LIBRARIES = YES;
				BUNDLE_LOADER = "$(TEST_HOST)";
				CODE_SIGN_STYLE = Automatic;
				CURRENT_PROJECT_VERSION = 1;
				DEVELOPMENT_TEAM = YY8J3FPYX8;
				GENERATE_INFOPLIST_FILE = YES;
				IPHONEOS_DEPLOYMENT_TARGET = 15.5;
				MARKETING_VERSION = 1.0;
				PRODUCT_BUNDLE_IDENTIFIER = com.timothyrosenvall.AppTemplateTests;
				PRODUCT_NAME = "$(TARGET_NAME)";
				SWIFT_EMIT_LOC_STRINGS = NO;
				SWIFT_VERSION = 5.0;
				TARGETED_DEVICE_FAMILY = "1,2";
				TEST_HOST = "$(BUILT_PRODUCTS_DIR)/AppTemplate.app/AppTemplate";
			};
			name = Debug;
		};
		858313A9292F6DA5004977EA /* Release */ = {
			isa = XCBuildConfiguration;
			buildSettings = {
				ALWAYS_EMBED_SWIFT_STANDARD_LIBRARIES = YES;
				BUNDLE_LOADER = "$(TEST_HOST)";
				CODE_SIGN_STYLE = Automatic;
				CURRENT_PROJECT_VERSION = 1;
				DEVELOPMENT_TEAM = YY8J3FPYX8;
				GENERATE_INFOPLIST_FILE = YES;
				IPHONEOS_DEPLOYMENT_TARGET = 15.5;
				MARKETING_VERSION = 1.0;
				PRODUCT_BUNDLE_IDENTIFIER = com.timothyrosenvall.AppTemplateTests;
				PRODUCT_NAME = "$(TARGET_NAME)";
				SWIFT_EMIT_LOC_STRINGS = NO;
				SWIFT_VERSION = 5.0;
				TARGETED_DEVICE_FAMILY = "1,2";
				TEST_HOST = "$(BUILT_PRODUCTS_DIR)/AppTemplate.app/AppTemplate";
			};
			name = Release;
		};
		858313AB292F6DA5004977EA /* Debug */ = {
			isa = XCBuildConfiguration;
			buildSettings = {
				ALWAYS_EMBED_SWIFT_STANDARD_LIBRARIES = YES;
				CODE_SIGN_STYLE = Automatic;
				CURRENT_PROJECT_VERSION = 1;
				DEVELOPMENT_TEAM = YY8J3FPYX8;
				GENERATE_INFOPLIST_FILE = YES;
				MARKETING_VERSION = 1.0;
				PRODUCT_BUNDLE_IDENTIFIER = com.timothyrosenvall.AppTemplateUITests;
				PRODUCT_NAME = "$(TARGET_NAME)";
				SWIFT_EMIT_LOC_STRINGS = NO;
				SWIFT_VERSION = 5.0;
				TARGETED_DEVICE_FAMILY = "1,2";
				TEST_TARGET_NAME = AppTemplate;
			};
			name = Debug;
		};
		858313AC292F6DA5004977EA /* Release */ = {
			isa = XCBuildConfiguration;
			buildSettings = {
				ALWAYS_EMBED_SWIFT_STANDARD_LIBRARIES = YES;
				CODE_SIGN_STYLE = Automatic;
				CURRENT_PROJECT_VERSION = 1;
				DEVELOPMENT_TEAM = YY8J3FPYX8;
				GENERATE_INFOPLIST_FILE = YES;
				MARKETING_VERSION = 1.0;
				PRODUCT_BUNDLE_IDENTIFIER = com.timothyrosenvall.AppTemplateUITests;
				PRODUCT_NAME = "$(TARGET_NAME)";
				SWIFT_EMIT_LOC_STRINGS = NO;
				SWIFT_VERSION = 5.0;
				TARGETED_DEVICE_FAMILY = "1,2";
				TEST_TARGET_NAME = AppTemplate;
			};
			name = Release;
		};
/* End XCBuildConfiguration section */

/* Begin XCConfigurationList section */
		85831375292F6D9F004977EA /* Build configuration list for PBXProject "AppTemplate" */ = {
			isa = XCConfigurationList;
			buildConfigurations = (
				858313A2292F6DA5004977EA /* Debug */,
				858313A3292F6DA5004977EA /* Release */,
			);
			defaultConfigurationIsVisible = 0;
			defaultConfigurationName = Release;
		};
		858313A4292F6DA5004977EA /* Build configuration list for PBXNativeTarget "AppTemplate" */ = {
			isa = XCConfigurationList;
			buildConfigurations = (
				858313A5292F6DA5004977EA /* Debug */,
				858313A6292F6DA5004977EA /* Release */,
			);
			defaultConfigurationIsVisible = 0;
			defaultConfigurationName = Release;
		};
		858313A7292F6DA5004977EA /* Build configuration list for PBXNativeTarget "AppTemplateTests" */ = {
			isa = XCConfigurationList;
			buildConfigurations = (
				858313A8292F6DA5004977EA /* Debug */,
				858313A9292F6DA5004977EA /* Release */,
			);
			defaultConfigurationIsVisible = 0;
			defaultConfigurationName = Release;
		};
		858313AA292F6DA5004977EA /* Build configuration list for PBXNativeTarget "AppTemplateUITests" */ = {
			isa = XCConfigurationList;
			buildConfigurations = (
				858313AB292F6DA5004977EA /* Debug */,
				858313AC292F6DA5004977EA /* Release */,
			);
			defaultConfigurationIsVisible = 0;
			defaultConfigurationName = Release;
		};
/* End XCConfigurationList section */
	};
	rootObject = 85831372292F6D9F004977EA /* Project object */;
}
