// !$*UTF8*$!
{
	archiveVersion = 1;
	classes = {
	};
	objectVersion = 55;
	objects = {

/* Begin PBXBuildFile section */
		8583137E292F6D9F004977EA /* AppDelegate.swift in Sources */ = {isa = PBXBuildFile; fileRef = 8583137D292F6D9F004977EA /* AppDelegate.swift */; };
		85831380292F6D9F004977EA /* SceneDelegate.swift in Sources */ = {isa = PBXBuildFile; fileRef = 8583137F292F6D9F004977EA /* SceneDelegate.swift */; };
		85831387292F6DA4004977EA /* Assets.xcassets in Resources */ = {isa = PBXBuildFile; fileRef = 85831386292F6DA4004977EA /* Assets.xcassets */; };
		8583138A292F6DA4004977EA /* LaunchScreen.storyboard in Resources */ = {isa = PBXBuildFile; fileRef = 85831388292F6DA4004977EA /* LaunchScreen.storyboard */; };
		858313AF292F6DE7004977EA /* Colors.xcassets in Resources */ = {isa = PBXBuildFile; fileRef = 858313AE292F6DE7004977EA /* Colors.xcassets */; };
		858313B5292F6E8C004977EA /* HomePresenter.swift in Sources */ = {isa = PBXBuildFile; fileRef = 858313B4292F6E8C004977EA /* HomePresenter.swift */; };
		858313B8292F6EAD004977EA /* HomeInteractor.swift in Sources */ = {isa = PBXBuildFile; fileRef = 858313B7292F6EAD004977EA /* HomeInteractor.swift */; };
		858313BA292F6EB7004977EA /* HomeRouter.swift in Sources */ = {isa = PBXBuildFile; fileRef = 858313B9292F6EB7004977EA /* HomeRouter.swift */; };
		858313BC292F6EC1004977EA /* HomeContracts.swift in Sources */ = {isa = PBXBuildFile; fileRef = 858313BB292F6EC1004977EA /* HomeContracts.swift */; };
		858313BE292F6ED7004977EA /* HomeEntity.swift in Sources */ = {isa = PBXBuildFile; fileRef = 858313BD292F6ED7004977EA /* HomeEntity.swift */; };
		858313C0292F6EEE004977EA /* HomeBuilder.swift in Sources */ = {isa = PBXBuildFile; fileRef = 858313BF292F6EEE004977EA /* HomeBuilder.swift */; };
		858313C6292F6F6F004977EA /* ModuleResolver.swift in Sources */ = {isa = PBXBuildFile; fileRef = 858313C5292F6F6F004977EA /* ModuleResolver.swift */; };
		858313CA292F742A004977EA /* HomeTheme.swift in Sources */ = {isa = PBXBuildFile; fileRef = 858313C9292F742A004977EA /* HomeTheme.swift */; };
		858313CC292F7445004977EA /* AppTheme.swift in Sources */ = {isa = PBXBuildFile; fileRef = 858313CB292F7445004977EA /* AppTheme.swift */; };
		858313CF292F79BF004977EA /* PersistenceService.swift in Sources */ = {isa = PBXBuildFile; fileRef = 858313CE292F79BF004977EA /* PersistenceService.swift */; };
		858313D2292F79D5004977EA /* PersistenceContracts.swift in Sources */ = {isa = PBXBuildFile; fileRef = 858313D1292F79D5004977EA /* PersistenceContracts.swift */; };
		858313D4292F7D11004977EA /* ServiceResolver.swift in Sources */ = {isa = PBXBuildFile; fileRef = 858313D3292F7D11004977EA /* ServiceResolver.swift */; };
		858313D6292F7DDC004977EA /* ServiceContracts.swift in Sources */ = {isa = PBXBuildFile; fileRef = 858313D5292F7DDC004977EA /* ServiceContracts.swift */; };
		858313DA292F80C2004977EA /* ModuleContracts.swift in Sources */ = {isa = PBXBuildFile; fileRef = 858313D9292F80C2004977EA /* ModuleContracts.swift */; };
		858313DD292F8653004977EA /* NetworkingContracts.swift in Sources */ = {isa = PBXBuildFile; fileRef = 858313DC292F8653004977EA /* NetworkingContracts.swift */; };
		858313DF292F8676004977EA /* NetworkingService.swift in Sources */ = {isa = PBXBuildFile; fileRef = 858313DE292F8676004977EA /* NetworkingService.swift */; };
		858313E1292F8C42004977EA /* Colors.swift in Sources */ = {isa = PBXBuildFile; fileRef = 858313E0292F8C42004977EA /* Colors.swift */; };
		858313F0292F9679004977EA /* HomeViewControllerMockSpy.swift in Sources */ = {isa = PBXBuildFile; fileRef = 858313EF292F9679004977EA /* HomeViewControllerMockSpy.swift */; };
		858313F2292F96EB004977EA /* HomePresenterMockSpy.swift in Sources */ = {isa = PBXBuildFile; fileRef = 858313F1292F96EB004977EA /* HomePresenterMockSpy.swift */; };
		858313F4292F974D004977EA /* HomeRouterMockSpy.swift in Sources */ = {isa = PBXBuildFile; fileRef = 858313F3292F974D004977EA /* HomeRouterMockSpy.swift */; };
		858313F6292F9793004977EA /* HomeInteractorMockSpy.swift in Sources */ = {isa = PBXBuildFile; fileRef = 858313F5292F9793004977EA /* HomeInteractorMockSpy.swift */; };
		858313F8292F97D7004977EA /* HomeEntityMockSpy.swift in Sources */ = {isa = PBXBuildFile; fileRef = 858313F7292F97D6004977EA /* HomeEntityMockSpy.swift */; };
		858313FA292F98A9004977EA /* HomeBuilderMockSpy.swift in Sources */ = {isa = PBXBuildFile; fileRef = 858313F9292F98A9004977EA /* HomeBuilderMockSpy.swift */; };
		858313FC292F9E1C004977EA /* HomeBuilderTests.swift in Sources */ = {isa = PBXBuildFile; fileRef = 858313FB292F9E1C004977EA /* HomeBuilderTests.swift */; };
		858313FE292FA007004977EA /* TestUtility.swift in Sources */ = {isa = PBXBuildFile; fileRef = 858313FD292FA007004977EA /* TestUtility.swift */; };
		85831400292FA14A004977EA /* ServiceResolverMockSpy.swift in Sources */ = {isa = PBXBuildFile; fileRef = 858313FF292FA14A004977EA /* ServiceResolverMockSpy.swift */; };
		85831406292FA216004977EA /* NetworkingServiceMockSpy.swift in Sources */ = {isa = PBXBuildFile; fileRef = 85831405292FA216004977EA /* NetworkingServiceMockSpy.swift */; };
		85831408292FA25F004977EA /* PersistenceServiceMockSpy.swift in Sources */ = {isa = PBXBuildFile; fileRef = 85831407292FA25F004977EA /* PersistenceServiceMockSpy.swift */; };
		8583140A292FA324004977EA /* ModuleResolverMockSpy.swift in Sources */ = {isa = PBXBuildFile; fileRef = 85831409292FA324004977EA /* ModuleResolverMockSpy.swift */; };
		8583140C292FA4AD004977EA /* ModuleResolverTests.swift in Sources */ = {isa = PBXBuildFile; fileRef = 8583140B292FA4AD004977EA /* ModuleResolverTests.swift */; };
		85831414292FA62B004977EA /* ServiceResolverTests.swift in Sources */ = {isa = PBXBuildFile; fileRef = 85831413292FA62B004977EA /* ServiceResolverTests.swift */; };
		858314172930FF76004977EA /* EncryptionContracts.swift in Sources */ = {isa = PBXBuildFile; fileRef = 858314162930FF75004977EA /* EncryptionContracts.swift */; };
		858314192930FF89004977EA /* EncryptionService.swift in Sources */ = {isa = PBXBuildFile; fileRef = 858314182930FF89004977EA /* EncryptionService.swift */; };
		8583141B29310369004977EA /* PersistenceBuilder.swift in Sources */ = {isa = PBXBuildFile; fileRef = 8583141A29310369004977EA /* PersistenceBuilder.swift */; };
		8583141D29310375004977EA /* EncryptionBuilder.swift in Sources */ = {isa = PBXBuildFile; fileRef = 8583141C29310375004977EA /* EncryptionBuilder.swift */; };
		8583141F2931037E004977EA /* NetworkingBuilder.swift in Sources */ = {isa = PBXBuildFile; fileRef = 8583141E2931037E004977EA /* NetworkingBuilder.swift */; };
		85831423293143B0004977EA /* SettingsContracts.swift in Sources */ = {isa = PBXBuildFile; fileRef = 85831422293143B0004977EA /* SettingsContracts.swift */; };
		85831425293143BF004977EA /* SettingsBuilder.swift in Sources */ = {isa = PBXBuildFile; fileRef = 85831424293143BF004977EA /* SettingsBuilder.swift */; };
		8583142A293143EA004977EA /* SettingsPresenter.swift in Sources */ = {isa = PBXBuildFile; fileRef = 85831429293143EA004977EA /* SettingsPresenter.swift */; };
		8583142C293143F2004977EA /* SettingsRouter.swift in Sources */ = {isa = PBXBuildFile; fileRef = 8583142B293143F2004977EA /* SettingsRouter.swift */; };
		8583142E293143FB004977EA /* SettingsInteractor.swift in Sources */ = {isa = PBXBuildFile; fileRef = 8583142D293143FB004977EA /* SettingsInteractor.swift */; };
		8583143029314403004977EA /* SettingsEntity.swift in Sources */ = {isa = PBXBuildFile; fileRef = 8583142F29314403004977EA /* SettingsEntity.swift */; };
		858314322931440A004977EA /* SettingsTheme.swift in Sources */ = {isa = PBXBuildFile; fileRef = 858314312931440A004977EA /* SettingsTheme.swift */; };
		8583143529314742004977EA /* LaunchContracts.swift in Sources */ = {isa = PBXBuildFile; fileRef = 8583143429314742004977EA /* LaunchContracts.swift */; };
		858314372931474B004977EA /* LaunchBuilder.swift in Sources */ = {isa = PBXBuildFile; fileRef = 858314362931474B004977EA /* LaunchBuilder.swift */; };
		8583143B2931475F004977EA /* LaunchPresenter.swift in Sources */ = {isa = PBXBuildFile; fileRef = 8583143A2931475F004977EA /* LaunchPresenter.swift */; };
		8583143D29314767004977EA /* LaunchRouter.swift in Sources */ = {isa = PBXBuildFile; fileRef = 8583143C29314767004977EA /* LaunchRouter.swift */; };
		8583143F29314772004977EA /* LaunchInteractor.swift in Sources */ = {isa = PBXBuildFile; fileRef = 8583143E29314772004977EA /* LaunchInteractor.swift */; };
		858314412931477B004977EA /* LaunchEntity.swift in Sources */ = {isa = PBXBuildFile; fileRef = 858314402931477A004977EA /* LaunchEntity.swift */; };
		8583144329314785004977EA /* LaunchTheme.swift in Sources */ = {isa = PBXBuildFile; fileRef = 8583144229314785004977EA /* LaunchTheme.swift */; };
		8583144B2931742A004977EA /* Constants.swift in Sources */ = {isa = PBXBuildFile; fileRef = 8583144A2931742A004977EA /* Constants.swift */; };
		8583144E29325656004977EA /* EncryptionServiceMockSpy.swift in Sources */ = {isa = PBXBuildFile; fileRef = 8583144D29325656004977EA /* EncryptionServiceMockSpy.swift */; };
		8583145229325808004977EA /* SettingsBuilderMockSpy.swift in Sources */ = {isa = PBXBuildFile; fileRef = 8583145129325808004977EA /* SettingsBuilderMockSpy.swift */; };
		858314542932581B004977EA /* SettingsViewControllerMockSpy.swift in Sources */ = {isa = PBXBuildFile; fileRef = 858314532932581B004977EA /* SettingsViewControllerMockSpy.swift */; };
		858314562932582A004977EA /* SettingsPresenterMockSpy.swift in Sources */ = {isa = PBXBuildFile; fileRef = 858314552932582A004977EA /* SettingsPresenterMockSpy.swift */; };
		8583145829325839004977EA /* SettingsRouterMockSpy.swift in Sources */ = {isa = PBXBuildFile; fileRef = 8583145729325839004977EA /* SettingsRouterMockSpy.swift */; };
		8583145A29325846004977EA /* SettingsInteractorMockSpy.swift in Sources */ = {isa = PBXBuildFile; fileRef = 8583145929325846004977EA /* SettingsInteractorMockSpy.swift */; };
		8583145C29325854004977EA /* SettingsEntityMockSpy.swift in Sources */ = {isa = PBXBuildFile; fileRef = 8583145B29325854004977EA /* SettingsEntityMockSpy.swift */; };
		8583145E293259F4004977EA /* LaunchBuilderMockSpy.swift in Sources */ = {isa = PBXBuildFile; fileRef = 8583145D293259F4004977EA /* LaunchBuilderMockSpy.swift */; };
		8583146029325A03004977EA /* LaunchViewControllerMockSpy.swift in Sources */ = {isa = PBXBuildFile; fileRef = 8583145F29325A03004977EA /* LaunchViewControllerMockSpy.swift */; };
		8583146229325A16004977EA /* LaunchPresenterMockSpy.swift in Sources */ = {isa = PBXBuildFile; fileRef = 8583146129325A16004977EA /* LaunchPresenterMockSpy.swift */; };
		8583146429325A22004977EA /* LaunchRouterMockSpy.swift in Sources */ = {isa = PBXBuildFile; fileRef = 8583146329325A22004977EA /* LaunchRouterMockSpy.swift */; };
		8583146629325A36004977EA /* LaunchInteractorMockSpy.swift in Sources */ = {isa = PBXBuildFile; fileRef = 8583146529325A36004977EA /* LaunchInteractorMockSpy.swift */; };
		8583146829325A44004977EA /* LaunchEntityMockSpy.swift in Sources */ = {isa = PBXBuildFile; fileRef = 8583146729325A44004977EA /* LaunchEntityMockSpy.swift */; };
		8583146A29367D08004977EA /* HomeAnimator.swift in Sources */ = {isa = PBXBuildFile; fileRef = 8583146929367D08004977EA /* HomeAnimator.swift */; };
		8583146C29367DA1004977EA /* SettingsAnimator.swift in Sources */ = {isa = PBXBuildFile; fileRef = 8583146B29367DA1004977EA /* SettingsAnimator.swift */; };
		8583146E29367E1B004977EA /* LaunchAnimator.swift in Sources */ = {isa = PBXBuildFile; fileRef = 8583146D29367E1B004977EA /* LaunchAnimator.swift */; };
		8583147129380699004977EA /* UINavigationController.swift in Sources */ = {isa = PBXBuildFile; fileRef = 8583147029380699004977EA /* UINavigationController.swift */; };
		858314732938208E004977EA /* UIView.swift in Sources */ = {isa = PBXBuildFile; fileRef = 858314722938208E004977EA /* UIView.swift */; };
		8583147529382297004977EA /* Exponentiation.swift in Sources */ = {isa = PBXBuildFile; fileRef = 8583147429382297004977EA /* Exponentiation.swift */; };
		8583147A29392DB8004977EA /* LaunchViewController.swift in Sources */ = {isa = PBXBuildFile; fileRef = 8583147829392DB8004977EA /* LaunchViewController.swift */; };
		8583147B29392DB8004977EA /* LaunchViewController.xib in Resources */ = {isa = PBXBuildFile; fileRef = 8583147929392DB8004977EA /* LaunchViewController.xib */; };
		8583147E29393213004977EA /* SettingsViewController.swift in Sources */ = {isa = PBXBuildFile; fileRef = 8583147C29393213004977EA /* SettingsViewController.swift */; };
		8583147F29393213004977EA /* SettingsViewController.xib in Resources */ = {isa = PBXBuildFile; fileRef = 8583147D29393213004977EA /* SettingsViewController.xib */; };
		858314822939370B004977EA /* HomeViewController.swift in Sources */ = {isa = PBXBuildFile; fileRef = 858314802939370B004977EA /* HomeViewController.swift */; };
		858314832939370B004977EA /* HomeViewController.xib in Resources */ = {isa = PBXBuildFile; fileRef = 858314812939370B004977EA /* HomeViewController.xib */; };
/* End PBXBuildFile section */

/* Begin PBXContainerItemProxy section */
		85831391292F6DA5004977EA /* PBXContainerItemProxy */ = {
			isa = PBXContainerItemProxy;
			containerPortal = 85831372292F6D9F004977EA /* Project object */;
			proxyType = 1;
			remoteGlobalIDString = 85831379292F6D9F004977EA;
			remoteInfo = AppTemplate;
		};
/* End PBXContainerItemProxy section */

/* Begin PBXFileReference section */
		8583137A292F6D9F004977EA /* AppTemplate.app */ = {isa = PBXFileReference; explicitFileType = wrapper.application; includeInIndex = 0; path = AppTemplate.app; sourceTree = BUILT_PRODUCTS_DIR; };
		8583137D292F6D9F004977EA /* AppDelegate.swift */ = {isa = PBXFileReference; lastKnownFileType = sourcecode.swift; path = AppDelegate.swift; sourceTree = "<group>"; };
		8583137F292F6D9F004977EA /* SceneDelegate.swift */ = {isa = PBXFileReference; lastKnownFileType = sourcecode.swift; path = SceneDelegate.swift; sourceTree = "<group>"; };
		85831386292F6DA4004977EA /* Assets.xcassets */ = {isa = PBXFileReference; lastKnownFileType = folder.assetcatalog; path = Assets.xcassets; sourceTree = "<group>"; };
		85831389292F6DA4004977EA /* Base */ = {isa = PBXFileReference; lastKnownFileType = file.storyboard; name = Base; path = Base.lproj/LaunchScreen.storyboard; sourceTree = "<group>"; };
		8583138B292F6DA4004977EA /* Info.plist */ = {isa = PBXFileReference; lastKnownFileType = text.plist.xml; path = Info.plist; sourceTree = "<group>"; };
		85831390292F6DA5004977EA /* AppTemplateTests.xctest */ = {isa = PBXFileReference; explicitFileType = wrapper.cfbundle; includeInIndex = 0; path = AppTemplateTests.xctest; sourceTree = BUILT_PRODUCTS_DIR; };
		858313AE292F6DE7004977EA /* Colors.xcassets */ = {isa = PBXFileReference; lastKnownFileType = folder.assetcatalog; path = Colors.xcassets; sourceTree = "<group>"; };
		858313B4292F6E8C004977EA /* HomePresenter.swift */ = {isa = PBXFileReference; lastKnownFileType = sourcecode.swift; path = HomePresenter.swift; sourceTree = "<group>"; };
		858313B7292F6EAD004977EA /* HomeInteractor.swift */ = {isa = PBXFileReference; lastKnownFileType = sourcecode.swift; path = HomeInteractor.swift; sourceTree = "<group>"; };
		858313B9292F6EB7004977EA /* HomeRouter.swift */ = {isa = PBXFileReference; lastKnownFileType = sourcecode.swift; path = HomeRouter.swift; sourceTree = "<group>"; };
		858313BB292F6EC1004977EA /* HomeContracts.swift */ = {isa = PBXFileReference; lastKnownFileType = sourcecode.swift; path = HomeContracts.swift; sourceTree = "<group>"; };
		858313BD292F6ED7004977EA /* HomeEntity.swift */ = {isa = PBXFileReference; lastKnownFileType = sourcecode.swift; path = HomeEntity.swift; sourceTree = "<group>"; };
		858313BF292F6EEE004977EA /* HomeBuilder.swift */ = {isa = PBXFileReference; lastKnownFileType = sourcecode.swift; path = HomeBuilder.swift; sourceTree = "<group>"; };
		858313C5292F6F6F004977EA /* ModuleResolver.swift */ = {isa = PBXFileReference; lastKnownFileType = sourcecode.swift; path = ModuleResolver.swift; sourceTree = "<group>"; };
		858313C9292F742A004977EA /* HomeTheme.swift */ = {isa = PBXFileReference; lastKnownFileType = sourcecode.swift; path = HomeTheme.swift; sourceTree = "<group>"; };
		858313CB292F7445004977EA /* AppTheme.swift */ = {isa = PBXFileReference; lastKnownFileType = sourcecode.swift; path = AppTheme.swift; sourceTree = "<group>"; };
		858313CE292F79BF004977EA /* PersistenceService.swift */ = {isa = PBXFileReference; lastKnownFileType = sourcecode.swift; path = PersistenceService.swift; sourceTree = "<group>"; };
		858313D1292F79D5004977EA /* PersistenceContracts.swift */ = {isa = PBXFileReference; lastKnownFileType = sourcecode.swift; path = PersistenceContracts.swift; sourceTree = "<group>"; };
		858313D3292F7D11004977EA /* ServiceResolver.swift */ = {isa = PBXFileReference; lastKnownFileType = sourcecode.swift; path = ServiceResolver.swift; sourceTree = "<group>"; };
		858313D5292F7DDC004977EA /* ServiceContracts.swift */ = {isa = PBXFileReference; lastKnownFileType = sourcecode.swift; path = ServiceContracts.swift; sourceTree = "<group>"; };
		858313D9292F80C2004977EA /* ModuleContracts.swift */ = {isa = PBXFileReference; lastKnownFileType = sourcecode.swift; path = ModuleContracts.swift; sourceTree = "<group>"; };
		858313DC292F8653004977EA /* NetworkingContracts.swift */ = {isa = PBXFileReference; lastKnownFileType = sourcecode.swift; path = NetworkingContracts.swift; sourceTree = "<group>"; };
		858313DE292F8676004977EA /* NetworkingService.swift */ = {isa = PBXFileReference; lastKnownFileType = sourcecode.swift; path = NetworkingService.swift; sourceTree = "<group>"; };
		858313E0292F8C42004977EA /* Colors.swift */ = {isa = PBXFileReference; lastKnownFileType = sourcecode.swift; path = Colors.swift; sourceTree = "<group>"; };
		858313EF292F9679004977EA /* HomeViewControllerMockSpy.swift */ = {isa = PBXFileReference; lastKnownFileType = sourcecode.swift; path = HomeViewControllerMockSpy.swift; sourceTree = "<group>"; };
		858313F1292F96EB004977EA /* HomePresenterMockSpy.swift */ = {isa = PBXFileReference; lastKnownFileType = sourcecode.swift; path = HomePresenterMockSpy.swift; sourceTree = "<group>"; };
		858313F3292F974D004977EA /* HomeRouterMockSpy.swift */ = {isa = PBXFileReference; lastKnownFileType = sourcecode.swift; path = HomeRouterMockSpy.swift; sourceTree = "<group>"; };
		858313F5292F9793004977EA /* HomeInteractorMockSpy.swift */ = {isa = PBXFileReference; lastKnownFileType = sourcecode.swift; path = HomeInteractorMockSpy.swift; sourceTree = "<group>"; };
		858313F7292F97D6004977EA /* HomeEntityMockSpy.swift */ = {isa = PBXFileReference; lastKnownFileType = sourcecode.swift; path = HomeEntityMockSpy.swift; sourceTree = "<group>"; };
		858313F9292F98A9004977EA /* HomeBuilderMockSpy.swift */ = {isa = PBXFileReference; lastKnownFileType = sourcecode.swift; path = HomeBuilderMockSpy.swift; sourceTree = "<group>"; };
		858313FB292F9E1C004977EA /* HomeBuilderTests.swift */ = {isa = PBXFileReference; lastKnownFileType = sourcecode.swift; path = HomeBuilderTests.swift; sourceTree = "<group>"; };
		858313FD292FA007004977EA /* TestUtility.swift */ = {isa = PBXFileReference; lastKnownFileType = sourcecode.swift; path = TestUtility.swift; sourceTree = "<group>"; };
		858313FF292FA14A004977EA /* ServiceResolverMockSpy.swift */ = {isa = PBXFileReference; lastKnownFileType = sourcecode.swift; path = ServiceResolverMockSpy.swift; sourceTree = "<group>"; };
		85831405292FA216004977EA /* NetworkingServiceMockSpy.swift */ = {isa = PBXFileReference; lastKnownFileType = sourcecode.swift; path = NetworkingServiceMockSpy.swift; sourceTree = "<group>"; };
		85831407292FA25F004977EA /* PersistenceServiceMockSpy.swift */ = {isa = PBXFileReference; lastKnownFileType = sourcecode.swift; path = PersistenceServiceMockSpy.swift; sourceTree = "<group>"; };
		85831409292FA324004977EA /* ModuleResolverMockSpy.swift */ = {isa = PBXFileReference; lastKnownFileType = sourcecode.swift; path = ModuleResolverMockSpy.swift; sourceTree = "<group>"; };
		8583140B292FA4AD004977EA /* ModuleResolverTests.swift */ = {isa = PBXFileReference; lastKnownFileType = sourcecode.swift; path = ModuleResolverTests.swift; sourceTree = "<group>"; };
		85831413292FA62B004977EA /* ServiceResolverTests.swift */ = {isa = PBXFileReference; lastKnownFileType = sourcecode.swift; path = ServiceResolverTests.swift; sourceTree = "<group>"; };
		858314162930FF75004977EA /* EncryptionContracts.swift */ = {isa = PBXFileReference; lastKnownFileType = sourcecode.swift; path = EncryptionContracts.swift; sourceTree = "<group>"; };
		858314182930FF89004977EA /* EncryptionService.swift */ = {isa = PBXFileReference; lastKnownFileType = sourcecode.swift; path = EncryptionService.swift; sourceTree = "<group>"; };
		8583141A29310369004977EA /* PersistenceBuilder.swift */ = {isa = PBXFileReference; lastKnownFileType = sourcecode.swift; path = PersistenceBuilder.swift; sourceTree = "<group>"; };
		8583141C29310375004977EA /* EncryptionBuilder.swift */ = {isa = PBXFileReference; lastKnownFileType = sourcecode.swift; path = EncryptionBuilder.swift; sourceTree = "<group>"; };
		8583141E2931037E004977EA /* NetworkingBuilder.swift */ = {isa = PBXFileReference; lastKnownFileType = sourcecode.swift; path = NetworkingBuilder.swift; sourceTree = "<group>"; };
		85831422293143B0004977EA /* SettingsContracts.swift */ = {isa = PBXFileReference; lastKnownFileType = sourcecode.swift; path = SettingsContracts.swift; sourceTree = "<group>"; };
		85831424293143BF004977EA /* SettingsBuilder.swift */ = {isa = PBXFileReference; lastKnownFileType = sourcecode.swift; path = SettingsBuilder.swift; sourceTree = "<group>"; };
		85831429293143EA004977EA /* SettingsPresenter.swift */ = {isa = PBXFileReference; lastKnownFileType = sourcecode.swift; path = SettingsPresenter.swift; sourceTree = "<group>"; };
		8583142B293143F2004977EA /* SettingsRouter.swift */ = {isa = PBXFileReference; lastKnownFileType = sourcecode.swift; path = SettingsRouter.swift; sourceTree = "<group>"; };
		8583142D293143FB004977EA /* SettingsInteractor.swift */ = {isa = PBXFileReference; lastKnownFileType = sourcecode.swift; path = SettingsInteractor.swift; sourceTree = "<group>"; };
		8583142F29314403004977EA /* SettingsEntity.swift */ = {isa = PBXFileReference; lastKnownFileType = sourcecode.swift; path = SettingsEntity.swift; sourceTree = "<group>"; };
		858314312931440A004977EA /* SettingsTheme.swift */ = {isa = PBXFileReference; lastKnownFileType = sourcecode.swift; path = SettingsTheme.swift; sourceTree = "<group>"; };
		8583143429314742004977EA /* LaunchContracts.swift */ = {isa = PBXFileReference; lastKnownFileType = sourcecode.swift; path = LaunchContracts.swift; sourceTree = "<group>"; };
		858314362931474B004977EA /* LaunchBuilder.swift */ = {isa = PBXFileReference; lastKnownFileType = sourcecode.swift; path = LaunchBuilder.swift; sourceTree = "<group>"; };
		8583143A2931475F004977EA /* LaunchPresenter.swift */ = {isa = PBXFileReference; lastKnownFileType = sourcecode.swift; path = LaunchPresenter.swift; sourceTree = "<group>"; };
		8583143C29314767004977EA /* LaunchRouter.swift */ = {isa = PBXFileReference; lastKnownFileType = sourcecode.swift; path = LaunchRouter.swift; sourceTree = "<group>"; };
		8583143E29314772004977EA /* LaunchInteractor.swift */ = {isa = PBXFileReference; lastKnownFileType = sourcecode.swift; path = LaunchInteractor.swift; sourceTree = "<group>"; };
		858314402931477A004977EA /* LaunchEntity.swift */ = {isa = PBXFileReference; lastKnownFileType = sourcecode.swift; path = LaunchEntity.swift; sourceTree = "<group>"; };
		8583144229314785004977EA /* LaunchTheme.swift */ = {isa = PBXFileReference; lastKnownFileType = sourcecode.swift; path = LaunchTheme.swift; sourceTree = "<group>"; };
		8583144A2931742A004977EA /* Constants.swift */ = {isa = PBXFileReference; lastKnownFileType = sourcecode.swift; path = Constants.swift; sourceTree = "<group>"; };
		8583144D29325656004977EA /* EncryptionServiceMockSpy.swift */ = {isa = PBXFileReference; lastKnownFileType = sourcecode.swift; path = EncryptionServiceMockSpy.swift; sourceTree = "<group>"; };
		8583145129325808004977EA /* SettingsBuilderMockSpy.swift */ = {isa = PBXFileReference; lastKnownFileType = sourcecode.swift; path = SettingsBuilderMockSpy.swift; sourceTree = "<group>"; };
		858314532932581B004977EA /* SettingsViewControllerMockSpy.swift */ = {isa = PBXFileReference; lastKnownFileType = sourcecode.swift; path = SettingsViewControllerMockSpy.swift; sourceTree = "<group>"; };
		858314552932582A004977EA /* SettingsPresenterMockSpy.swift */ = {isa = PBXFileReference; lastKnownFileType = sourcecode.swift; path = SettingsPresenterMockSpy.swift; sourceTree = "<group>"; };
		8583145729325839004977EA /* SettingsRouterMockSpy.swift */ = {isa = PBXFileReference; lastKnownFileType = sourcecode.swift; path = SettingsRouterMockSpy.swift; sourceTree = "<group>"; };
		8583145929325846004977EA /* SettingsInteractorMockSpy.swift */ = {isa = PBXFileReference; lastKnownFileType = sourcecode.swift; path = SettingsInteractorMockSpy.swift; sourceTree = "<group>"; };
		8583145B29325854004977EA /* SettingsEntityMockSpy.swift */ = {isa = PBXFileReference; lastKnownFileType = sourcecode.swift; path = SettingsEntityMockSpy.swift; sourceTree = "<group>"; };
		8583145D293259F4004977EA /* LaunchBuilderMockSpy.swift */ = {isa = PBXFileReference; lastKnownFileType = sourcecode.swift; path = LaunchBuilderMockSpy.swift; sourceTree = "<group>"; };
		8583145F29325A03004977EA /* LaunchViewControllerMockSpy.swift */ = {isa = PBXFileReference; lastKnownFileType = sourcecode.swift; path = LaunchViewControllerMockSpy.swift; sourceTree = "<group>"; };
		8583146129325A16004977EA /* LaunchPresenterMockSpy.swift */ = {isa = PBXFileReference; lastKnownFileType = sourcecode.swift; path = LaunchPresenterMockSpy.swift; sourceTree = "<group>"; };
		8583146329325A22004977EA /* LaunchRouterMockSpy.swift */ = {isa = PBXFileReference; lastKnownFileType = sourcecode.swift; path = LaunchRouterMockSpy.swift; sourceTree = "<group>"; };
		8583146529325A36004977EA /* LaunchInteractorMockSpy.swift */ = {isa = PBXFileReference; lastKnownFileType = sourcecode.swift; path = LaunchInteractorMockSpy.swift; sourceTree = "<group>"; };
		8583146729325A44004977EA /* LaunchEntityMockSpy.swift */ = {isa = PBXFileReference; lastKnownFileType = sourcecode.swift; path = LaunchEntityMockSpy.swift; sourceTree = "<group>"; };
		8583146929367D08004977EA /* HomeAnimator.swift */ = {isa = PBXFileReference; lastKnownFileType = sourcecode.swift; path = HomeAnimator.swift; sourceTree = "<group>"; };
		8583146B29367DA1004977EA /* SettingsAnimator.swift */ = {isa = PBXFileReference; lastKnownFileType = sourcecode.swift; path = SettingsAnimator.swift; sourceTree = "<group>"; };
		8583146D29367E1B004977EA /* LaunchAnimator.swift */ = {isa = PBXFileReference; lastKnownFileType = sourcecode.swift; path = LaunchAnimator.swift; sourceTree = "<group>"; };
		8583147029380699004977EA /* UINavigationController.swift */ = {isa = PBXFileReference; lastKnownFileType = sourcecode.swift; path = UINavigationController.swift; sourceTree = "<group>"; };
		858314722938208E004977EA /* UIView.swift */ = {isa = PBXFileReference; lastKnownFileType = sourcecode.swift; path = UIView.swift; sourceTree = "<group>"; };
		8583147429382297004977EA /* Exponentiation.swift */ = {isa = PBXFileReference; lastKnownFileType = sourcecode.swift; path = Exponentiation.swift; sourceTree = "<group>"; };
		8583147829392DB8004977EA /* LaunchViewController.swift */ = {isa = PBXFileReference; lastKnownFileType = sourcecode.swift; path = LaunchViewController.swift; sourceTree = "<group>"; };
		8583147929392DB8004977EA /* LaunchViewController.xib */ = {isa = PBXFileReference; lastKnownFileType = file.xib; path = LaunchViewController.xib; sourceTree = "<group>"; };
		8583147C29393213004977EA /* SettingsViewController.swift */ = {isa = PBXFileReference; lastKnownFileType = sourcecode.swift; path = SettingsViewController.swift; sourceTree = "<group>"; };
		8583147D29393213004977EA /* SettingsViewController.xib */ = {isa = PBXFileReference; lastKnownFileType = file.xib; path = SettingsViewController.xib; sourceTree = "<group>"; };
		858314802939370B004977EA /* HomeViewController.swift */ = {isa = PBXFileReference; lastKnownFileType = sourcecode.swift; path = HomeViewController.swift; sourceTree = "<group>"; };
		858314812939370B004977EA /* HomeViewController.xib */ = {isa = PBXFileReference; lastKnownFileType = file.xib; path = HomeViewController.xib; sourceTree = "<group>"; };
/* End PBXFileReference section */

/* Begin PBXFrameworksBuildPhase section */
		85831377292F6D9F004977EA /* Frameworks */ = {
			isa = PBXFrameworksBuildPhase;
			buildActionMask = 2147483647;
			files = (
			);
			runOnlyForDeploymentPostprocessing = 0;
		};
		8583138D292F6DA5004977EA /* Frameworks */ = {
			isa = PBXFrameworksBuildPhase;
			buildActionMask = 2147483647;
			files = (
			);
			runOnlyForDeploymentPostprocessing = 0;
		};
/* End PBXFrameworksBuildPhase section */

/* Begin PBXGroup section */
		85831371292F6D9F004977EA = {
			isa = PBXGroup;
			children = (
				8583137C292F6D9F004977EA /* AppTemplate */,
				85831393292F6DA5004977EA /* AppTemplateTests */,
				8583137B292F6D9F004977EA /* Products */,
			);
			sourceTree = "<group>";
		};
		8583137B292F6D9F004977EA /* Products */ = {
			isa = PBXGroup;
			children = (
				8583137A292F6D9F004977EA /* AppTemplate.app */,
				85831390292F6DA5004977EA /* AppTemplateTests.xctest */,
			);
			name = Products;
			sourceTree = "<group>";
		};
		8583137C292F6D9F004977EA /* AppTemplate */ = {
			isa = PBXGroup;
			children = (
				858313AD292F6DBF004977EA /* Resources */,
				858313C7292F6F86004977EA /* Backend */,
				858313C4292F6F50004977EA /* Frontend */,
			);
			path = AppTemplate;
			sourceTree = "<group>";
		};
		85831393292F6DA5004977EA /* AppTemplateTests */ = {
			isa = PBXGroup;
			children = (
				858313E5292F9538004977EA /* TestResources */,
				8583140D292FA5A9004977EA /* Mocks+Spies */,
				858313EA292F9568004977EA /* Tests */,
			);
			path = AppTemplateTests;
			sourceTree = "<group>";
		};
		858313AD292F6DBF004977EA /* Resources */ = {
			isa = PBXGroup;
			children = (
				858313C8292F71C9004977EA /* Strings */,
				858313E2292F9432004977EA /* Assets */,
				858313CB292F7445004977EA /* AppTheme.swift */,
				8583137D292F6D9F004977EA /* AppDelegate.swift */,
				8583137F292F6D9F004977EA /* SceneDelegate.swift */,
				85831388292F6DA4004977EA /* LaunchScreen.storyboard */,
				8583138B292F6DA4004977EA /* Info.plist */,
			);
			path = Resources;
			sourceTree = "<group>";
		};
		858313B0292F6E48004977EA /* Modules */ = {
			isa = PBXGroup;
			children = (
				8583142029314386004977EA /* Launch */,
				8583142129314394004977EA /* Settings */,
				858313B6292F6E9B004977EA /* Home */,
			);
			path = Modules;
			sourceTree = "<group>";
		};
		858313B1292F6E50004977EA /* Services */ = {
			isa = PBXGroup;
			children = (
				858313D5292F7DDC004977EA /* ServiceContracts.swift */,
				858313D3292F7D11004977EA /* ServiceResolver.swift */,
				858313DB292F8638004977EA /* Networking */,
				858314152930FF49004977EA /* Encryption */,
				858313CD292F79AF004977EA /* Persistence */,
			);
			path = Services;
			sourceTree = "<group>";
		};
		858313B6292F6E9B004977EA /* Home */ = {
			isa = PBXGroup;
			children = (
				858313C1292F6F1C004977EA /* Views */,
				858313BB292F6EC1004977EA /* HomeContracts.swift */,
				858313BF292F6EEE004977EA /* HomeBuilder.swift */,
				8583146929367D08004977EA /* HomeAnimator.swift */,
				858314802939370B004977EA /* HomeViewController.swift */,
				858313B4292F6E8C004977EA /* HomePresenter.swift */,
				858313B9292F6EB7004977EA /* HomeRouter.swift */,
				858313B7292F6EAD004977EA /* HomeInteractor.swift */,
				858313BD292F6ED7004977EA /* HomeEntity.swift */,
				858313C9292F742A004977EA /* HomeTheme.swift */,
				858314812939370B004977EA /* HomeViewController.xib */,
			);
			path = Home;
			sourceTree = "<group>";
		};
		858313C1292F6F1C004977EA /* Views */ = {
			isa = PBXGroup;
			children = (
			);
			path = Views;
			sourceTree = "<group>";
		};
		858313C2292F6F30004977EA /* SharedViews */ = {
			isa = PBXGroup;
			children = (
				8583144A2931742A004977EA /* Constants.swift */,
			);
			path = SharedViews;
			sourceTree = "<group>";
		};
		858313C4292F6F50004977EA /* Frontend */ = {
			isa = PBXGroup;
			children = (
				858313D9292F80C2004977EA /* ModuleContracts.swift */,
				858313C5292F6F6F004977EA /* ModuleResolver.swift */,
				858313B0292F6E48004977EA /* Modules */,
				858313C2292F6F30004977EA /* SharedViews */,
				8583146F2938067E004977EA /* Extensions */,
			);
			path = Frontend;
			sourceTree = "<group>";
		};
		858313C7292F6F86004977EA /* Backend */ = {
			isa = PBXGroup;
			children = (
				858313B1292F6E50004977EA /* Services */,
			);
			path = Backend;
			sourceTree = "<group>";
		};
		858313C8292F71C9004977EA /* Strings */ = {
			isa = PBXGroup;
			children = (
			);
			path = Strings;
			sourceTree = "<group>";
		};
		858313CD292F79AF004977EA /* Persistence */ = {
			isa = PBXGroup;
			children = (
				858313D1292F79D5004977EA /* PersistenceContracts.swift */,
				8583141A29310369004977EA /* PersistenceBuilder.swift */,
				858313CE292F79BF004977EA /* PersistenceService.swift */,
			);
			path = Persistence;
			sourceTree = "<group>";
		};
		858313DB292F8638004977EA /* Networking */ = {
			isa = PBXGroup;
			children = (
				858313DC292F8653004977EA /* NetworkingContracts.swift */,
				8583141E2931037E004977EA /* NetworkingBuilder.swift */,
				858313DE292F8676004977EA /* NetworkingService.swift */,
			);
			path = Networking;
			sourceTree = "<group>";
		};
		858313E2292F9432004977EA /* Assets */ = {
			isa = PBXGroup;
			children = (
				85831386292F6DA4004977EA /* Assets.xcassets */,
				858313AE292F6DE7004977EA /* Colors.xcassets */,
				858313E0292F8C42004977EA /* Colors.swift */,
			);
			path = Assets;
			sourceTree = "<group>";
		};
		858313E3292F9528004977EA /* Backend */ = {
			isa = PBXGroup;
			children = (
				858313FF292FA14A004977EA /* ServiceResolverMockSpy.swift */,
				858313E9292F955E004977EA /* Services */,
			);
			path = Backend;
			sourceTree = "<group>";
		};
		858313E4292F9532004977EA /* Frontend */ = {
			isa = PBXGroup;
			children = (
				85831409292FA324004977EA /* ModuleResolverMockSpy.swift */,
				858313EB292F957C004977EA /* Modules */,
			);
			path = Frontend;
			sourceTree = "<group>";
		};
		858313E5292F9538004977EA /* TestResources */ = {
			isa = PBXGroup;
			children = (
				858313FD292FA007004977EA /* TestUtility.swift */,
			);
			path = TestResources;
			sourceTree = "<group>";
		};
		858313E9292F955E004977EA /* Services */ = {
			isa = PBXGroup;
			children = (
				85831401292FA1DE004977EA /* Networking */,
				85831402292FA1F0004977EA /* Persistence */,
				8583144C2932563F004977EA /* Encryption */,
			);
			path = Services;
			sourceTree = "<group>";
		};
		858313EA292F9568004977EA /* Tests */ = {
			isa = PBXGroup;
			children = (
				8583140E292FA5BC004977EA /* Backend */,
				8583140F292FA5C2004977EA /* Frontend */,
			);
			path = Tests;
			sourceTree = "<group>";
		};
		858313EB292F957C004977EA /* Modules */ = {
			isa = PBXGroup;
			children = (
				8583144F293257D5004977EA /* Launch */,
				85831450293257DB004977EA /* Settings */,
				858313EE292F95F7004977EA /* Home */,
			);
			path = Modules;
			sourceTree = "<group>";
		};
		858313EE292F95F7004977EA /* Home */ = {
			isa = PBXGroup;
			children = (
				858313F9292F98A9004977EA /* HomeBuilderMockSpy.swift */,
				858313EF292F9679004977EA /* HomeViewControllerMockSpy.swift */,
				858313F1292F96EB004977EA /* HomePresenterMockSpy.swift */,
				858313F3292F974D004977EA /* HomeRouterMockSpy.swift */,
				858313F5292F9793004977EA /* HomeInteractorMockSpy.swift */,
				858313F7292F97D6004977EA /* HomeEntityMockSpy.swift */,
			);
			path = Home;
			sourceTree = "<group>";
		};
		85831401292FA1DE004977EA /* Networking */ = {
			isa = PBXGroup;
			children = (
				85831405292FA216004977EA /* NetworkingServiceMockSpy.swift */,
			);
			path = Networking;
			sourceTree = "<group>";
		};
		85831402292FA1F0004977EA /* Persistence */ = {
			isa = PBXGroup;
			children = (
				85831407292FA25F004977EA /* PersistenceServiceMockSpy.swift */,
			);
			path = Persistence;
			sourceTree = "<group>";
		};
		8583140D292FA5A9004977EA /* Mocks+Spies */ = {
			isa = PBXGroup;
			children = (
				858313E3292F9528004977EA /* Backend */,
				858313E4292F9532004977EA /* Frontend */,
			);
			path = "Mocks+Spies";
			sourceTree = "<group>";
		};
		8583140E292FA5BC004977EA /* Backend */ = {
			isa = PBXGroup;
			children = (
				85831413292FA62B004977EA /* ServiceResolverTests.swift */,
				85831412292FA616004977EA /* Services */,
			);
			path = Backend;
			sourceTree = "<group>";
		};
		8583140F292FA5C2004977EA /* Frontend */ = {
			isa = PBXGroup;
			children = (
				8583140B292FA4AD004977EA /* ModuleResolverTests.swift */,
				85831410292FA5D2004977EA /* Modules */,
			);
			path = Frontend;
			sourceTree = "<group>";
		};
		85831410292FA5D2004977EA /* Modules */ = {
			isa = PBXGroup;
			children = (
				85831411292FA5DD004977EA /* Home */,
			);
			path = Modules;
			sourceTree = "<group>";
		};
		85831411292FA5DD004977EA /* Home */ = {
			isa = PBXGroup;
			children = (
				858313FB292F9E1C004977EA /* HomeBuilderTests.swift */,
			);
			path = Home;
			sourceTree = "<group>";
		};
		85831412292FA616004977EA /* Services */ = {
			isa = PBXGroup;
			children = (
			);
			path = Services;
			sourceTree = "<group>";
		};
		858314152930FF49004977EA /* Encryption */ = {
			isa = PBXGroup;
			children = (
				858314162930FF75004977EA /* EncryptionContracts.swift */,
				8583141C29310375004977EA /* EncryptionBuilder.swift */,
				858314182930FF89004977EA /* EncryptionService.swift */,
			);
			path = Encryption;
			sourceTree = "<group>";
		};
		8583142029314386004977EA /* Launch */ = {
			isa = PBXGroup;
			children = (
				8583143329314737004977EA /* Views */,
				8583143429314742004977EA /* LaunchContracts.swift */,
				858314362931474B004977EA /* LaunchBuilder.swift */,
				8583146D29367E1B004977EA /* LaunchAnimator.swift */,
				8583147829392DB8004977EA /* LaunchViewController.swift */,
				8583143A2931475F004977EA /* LaunchPresenter.swift */,
				8583143C29314767004977EA /* LaunchRouter.swift */,
				8583143E29314772004977EA /* LaunchInteractor.swift */,
				858314402931477A004977EA /* LaunchEntity.swift */,
				8583144229314785004977EA /* LaunchTheme.swift */,
				8583147929392DB8004977EA /* LaunchViewController.xib */,
			);
			path = Launch;
			sourceTree = "<group>";
		};
		8583142129314394004977EA /* Settings */ = {
			isa = PBXGroup;
			children = (
				85831428293143D0004977EA /* Views */,
				85831422293143B0004977EA /* SettingsContracts.swift */,
				85831424293143BF004977EA /* SettingsBuilder.swift */,
				8583146B29367DA1004977EA /* SettingsAnimator.swift */,
				8583147C29393213004977EA /* SettingsViewController.swift */,
				85831429293143EA004977EA /* SettingsPresenter.swift */,
				8583142B293143F2004977EA /* SettingsRouter.swift */,
				8583142D293143FB004977EA /* SettingsInteractor.swift */,
				8583142F29314403004977EA /* SettingsEntity.swift */,
				858314312931440A004977EA /* SettingsTheme.swift */,
				8583147D29393213004977EA /* SettingsViewController.xib */,
			);
			path = Settings;
			sourceTree = "<group>";
		};
		85831428293143D0004977EA /* Views */ = {
			isa = PBXGroup;
			children = (
			);
			path = Views;
			sourceTree = "<group>";
		};
		8583143329314737004977EA /* Views */ = {
			isa = PBXGroup;
			children = (
			);
			path = Views;
			sourceTree = "<group>";
		};
		8583144C2932563F004977EA /* Encryption */ = {
			isa = PBXGroup;
			children = (
				8583144D29325656004977EA /* EncryptionServiceMockSpy.swift */,
			);
			path = Encryption;
			sourceTree = "<group>";
		};
		8583144F293257D5004977EA /* Launch */ = {
			isa = PBXGroup;
			children = (
				8583145D293259F4004977EA /* LaunchBuilderMockSpy.swift */,
				8583145F29325A03004977EA /* LaunchViewControllerMockSpy.swift */,
				8583146129325A16004977EA /* LaunchPresenterMockSpy.swift */,
				8583146329325A22004977EA /* LaunchRouterMockSpy.swift */,
				8583146529325A36004977EA /* LaunchInteractorMockSpy.swift */,
				8583146729325A44004977EA /* LaunchEntityMockSpy.swift */,
			);
			path = Launch;
			sourceTree = "<group>";
		};
		85831450293257DB004977EA /* Settings */ = {
			isa = PBXGroup;
			children = (
				8583145129325808004977EA /* SettingsBuilderMockSpy.swift */,
				858314532932581B004977EA /* SettingsViewControllerMockSpy.swift */,
				858314552932582A004977EA /* SettingsPresenterMockSpy.swift */,
				8583145729325839004977EA /* SettingsRouterMockSpy.swift */,
				8583145929325846004977EA /* SettingsInteractorMockSpy.swift */,
				8583145B29325854004977EA /* SettingsEntityMockSpy.swift */,
			);
			path = Settings;
			sourceTree = "<group>";
		};
		8583146F2938067E004977EA /* Extensions */ = {
			isa = PBXGroup;
			children = (
				8583147029380699004977EA /* UINavigationController.swift */,
				858314722938208E004977EA /* UIView.swift */,
				8583147429382297004977EA /* Exponentiation.swift */,
			);
			path = Extensions;
			sourceTree = "<group>";
		};
/* End PBXGroup section */

/* Begin PBXNativeTarget section */
		85831379292F6D9F004977EA /* AppTemplate */ = {
			isa = PBXNativeTarget;
			buildConfigurationList = 858313A4292F6DA5004977EA /* Build configuration list for PBXNativeTarget "AppTemplate" */;
			buildPhases = (
				85831376292F6D9F004977EA /* Sources */,
				85831377292F6D9F004977EA /* Frameworks */,
				85831378292F6D9F004977EA /* Resources */,
			);
			buildRules = (
			);
			dependencies = (
			);
			name = AppTemplate;
			productName = AppTemplate;
			productReference = 8583137A292F6D9F004977EA /* AppTemplate.app */;
			productType = "com.apple.product-type.application";
		};
		8583138F292F6DA5004977EA /* AppTemplateTests */ = {
			isa = PBXNativeTarget;
			buildConfigurationList = 858313A7292F6DA5004977EA /* Build configuration list for PBXNativeTarget "AppTemplateTests" */;
			buildPhases = (
				8583138C292F6DA5004977EA /* Sources */,
				8583138D292F6DA5004977EA /* Frameworks */,
				8583138E292F6DA5004977EA /* Resources */,
			);
			buildRules = (
			);
			dependencies = (
				85831392292F6DA5004977EA /* PBXTargetDependency */,
			);
			name = AppTemplateTests;
			productName = AppTemplateTests;
			productReference = 85831390292F6DA5004977EA /* AppTemplateTests.xctest */;
			productType = "com.apple.product-type.bundle.unit-test";
		};
/* End PBXNativeTarget section */

/* Begin PBXProject section */
		85831372292F6D9F004977EA /* Project object */ = {
			isa = PBXProject;
			attributes = {
				BuildIndependentTargetsInParallel = 1;
				LastSwiftUpdateCheck = 1340;
				LastUpgradeCheck = 1340;
				TargetAttributes = {
					85831379292F6D9F004977EA = {
						CreatedOnToolsVersion = 13.4.1;
					};
					8583138F292F6DA5004977EA = {
						CreatedOnToolsVersion = 13.4.1;
						LastSwiftMigration = 1340;
						TestTargetID = 85831379292F6D9F004977EA;
					};
				};
			};
			buildConfigurationList = 85831375292F6D9F004977EA /* Build configuration list for PBXProject "AppTemplate" */;
			compatibilityVersion = "Xcode 13.0";
			developmentRegion = en;
			hasScannedForEncodings = 0;
			knownRegions = (
				en,
				Base,
			);
			mainGroup = 85831371292F6D9F004977EA;
			productRefGroup = 8583137B292F6D9F004977EA /* Products */;
			projectDirPath = "";
			projectRoot = "";
			targets = (
				85831379292F6D9F004977EA /* AppTemplate */,
				8583138F292F6DA5004977EA /* AppTemplateTests */,
			);
		};
/* End PBXProject section */

/* Begin PBXResourcesBuildPhase section */
		85831378292F6D9F004977EA /* Resources */ = {
			isa = PBXResourcesBuildPhase;
			buildActionMask = 2147483647;
			files = (
				858313AF292F6DE7004977EA /* Colors.xcassets in Resources */,
				8583138A292F6DA4004977EA /* LaunchScreen.storyboard in Resources */,
				85831387292F6DA4004977EA /* Assets.xcassets in Resources */,
				8583147B29392DB8004977EA /* LaunchViewController.xib in Resources */,
				8583147F29393213004977EA /* SettingsViewController.xib in Resources */,
				858314832939370B004977EA /* HomeViewController.xib in Resources */,
			);
			runOnlyForDeploymentPostprocessing = 0;
		};
		8583138E292F6DA5004977EA /* Resources */ = {
			isa = PBXResourcesBuildPhase;
			buildActionMask = 2147483647;
			files = (
			);
			runOnlyForDeploymentPostprocessing = 0;
		};
/* End PBXResourcesBuildPhase section */

/* Begin PBXSourcesBuildPhase section */
		85831376292F6D9F004977EA /* Sources */ = {
			isa = PBXSourcesBuildPhase;
			buildActionMask = 2147483647;
			files = (
				858314172930FF76004977EA /* EncryptionContracts.swift in Sources */,
				8583144B2931742A004977EA /* Constants.swift in Sources */,
				8583143B2931475F004977EA /* LaunchPresenter.swift in Sources */,
				858313BA292F6EB7004977EA /* HomeRouter.swift in Sources */,
				8583137E292F6D9F004977EA /* AppDelegate.swift in Sources */,
				85831380292F6D9F004977EA /* SceneDelegate.swift in Sources */,
				8583147129380699004977EA /* UINavigationController.swift in Sources */,
				858313D6292F7DDC004977EA /* ServiceContracts.swift in Sources */,
				858313CA292F742A004977EA /* HomeTheme.swift in Sources */,
				858313E1292F8C42004977EA /* Colors.swift in Sources */,
				858313C0292F6EEE004977EA /* HomeBuilder.swift in Sources */,
				858313CF292F79BF004977EA /* PersistenceService.swift in Sources */,
				8583142C293143F2004977EA /* SettingsRouter.swift in Sources */,
				858313B8292F6EAD004977EA /* HomeInteractor.swift in Sources */,
				858314322931440A004977EA /* SettingsTheme.swift in Sources */,
				858313D2292F79D5004977EA /* PersistenceContracts.swift in Sources */,
				8583143F29314772004977EA /* LaunchInteractor.swift in Sources */,
				858313BE292F6ED7004977EA /* HomeEntity.swift in Sources */,
				858314732938208E004977EA /* UIView.swift in Sources */,
				8583141D29310375004977EA /* EncryptionBuilder.swift in Sources */,
				8583142A293143EA004977EA /* SettingsPresenter.swift in Sources */,
				858314192930FF89004977EA /* EncryptionService.swift in Sources */,
				8583146C29367DA1004977EA /* SettingsAnimator.swift in Sources */,
				8583142E293143FB004977EA /* SettingsInteractor.swift in Sources */,
				858314822939370B004977EA /* HomeViewController.swift in Sources */,
				8583146A29367D08004977EA /* HomeAnimator.swift in Sources */,
				858314412931477B004977EA /* LaunchEntity.swift in Sources */,
				85831425293143BF004977EA /* SettingsBuilder.swift in Sources */,
				8583144329314785004977EA /* LaunchTheme.swift in Sources */,
				8583147E29393213004977EA /* SettingsViewController.swift in Sources */,
				8583141F2931037E004977EA /* NetworkingBuilder.swift in Sources */,
				858313B5292F6E8C004977EA /* HomePresenter.swift in Sources */,
				858313D4292F7D11004977EA /* ServiceResolver.swift in Sources */,
				8583141B29310369004977EA /* PersistenceBuilder.swift in Sources */,
				858313BC292F6EC1004977EA /* HomeContracts.swift in Sources */,
				858313CC292F7445004977EA /* AppTheme.swift in Sources */,
				85831423293143B0004977EA /* SettingsContracts.swift in Sources */,
				8583143529314742004977EA /* LaunchContracts.swift in Sources */,
				8583147A29392DB8004977EA /* LaunchViewController.swift in Sources */,
				8583146E29367E1B004977EA /* LaunchAnimator.swift in Sources */,
				858313DF292F8676004977EA /* NetworkingService.swift in Sources */,
				858313DA292F80C2004977EA /* ModuleContracts.swift in Sources */,
				8583143029314403004977EA /* SettingsEntity.swift in Sources */,
				858314372931474B004977EA /* LaunchBuilder.swift in Sources */,
				858313C6292F6F6F004977EA /* ModuleResolver.swift in Sources */,
				858313DD292F8653004977EA /* NetworkingContracts.swift in Sources */,
				8583147529382297004977EA /* Exponentiation.swift in Sources */,
				8583143D29314767004977EA /* LaunchRouter.swift in Sources */,
			);
			runOnlyForDeploymentPostprocessing = 0;
		};
		8583138C292F6DA5004977EA /* Sources */ = {
			isa = PBXSourcesBuildPhase;
			buildActionMask = 2147483647;
			files = (
				85831406292FA216004977EA /* NetworkingServiceMockSpy.swift in Sources */,
				858313FE292FA007004977EA /* TestUtility.swift in Sources */,
				8583146829325A44004977EA /* LaunchEntityMockSpy.swift in Sources */,
				858313FC292F9E1C004977EA /* HomeBuilderTests.swift in Sources */,
				858313FA292F98A9004977EA /* HomeBuilderMockSpy.swift in Sources */,
				8583140C292FA4AD004977EA /* ModuleResolverTests.swift in Sources */,
				8583145229325808004977EA /* SettingsBuilderMockSpy.swift in Sources */,
				858314542932581B004977EA /* SettingsViewControllerMockSpy.swift in Sources */,
				858313F8292F97D7004977EA /* HomeEntityMockSpy.swift in Sources */,
				8583146629325A36004977EA /* LaunchInteractorMockSpy.swift in Sources */,
				8583146429325A22004977EA /* LaunchRouterMockSpy.swift in Sources */,
				858313F4292F974D004977EA /* HomeRouterMockSpy.swift in Sources */,
				85831400292FA14A004977EA /* ServiceResolverMockSpy.swift in Sources */,
				858313F0292F9679004977EA /* HomeViewControllerMockSpy.swift in Sources */,
				8583140A292FA324004977EA /* ModuleResolverMockSpy.swift in Sources */,
				8583146029325A03004977EA /* LaunchViewControllerMockSpy.swift in Sources */,
				858313F2292F96EB004977EA /* HomePresenterMockSpy.swift in Sources */,
				8583145C29325854004977EA /* SettingsEntityMockSpy.swift in Sources */,
				85831414292FA62B004977EA /* ServiceResolverTests.swift in Sources */,
				8583146229325A16004977EA /* LaunchPresenterMockSpy.swift in Sources */,
				8583144E29325656004977EA /* EncryptionServiceMockSpy.swift in Sources */,
				8583145829325839004977EA /* SettingsRouterMockSpy.swift in Sources */,
				8583145A29325846004977EA /* SettingsInteractorMockSpy.swift in Sources */,
				858313F6292F9793004977EA /* HomeInteractorMockSpy.swift in Sources */,
				858314562932582A004977EA /* SettingsPresenterMockSpy.swift in Sources */,
				85831408292FA25F004977EA /* PersistenceServiceMockSpy.swift in Sources */,
				8583145E293259F4004977EA /* LaunchBuilderMockSpy.swift in Sources */,
			);
			runOnlyForDeploymentPostprocessing = 0;
		};
/* End PBXSourcesBuildPhase section */

/* Begin PBXTargetDependency section */
		85831392292F6DA5004977EA /* PBXTargetDependency */ = {
			isa = PBXTargetDependency;
			target = 85831379292F6D9F004977EA /* AppTemplate */;
			targetProxy = 85831391292F6DA5004977EA /* PBXContainerItemProxy */;
		};
/* End PBXTargetDependency section */

/* Begin PBXVariantGroup section */
		85831388292F6DA4004977EA /* LaunchScreen.storyboard */ = {
			isa = PBXVariantGroup;
			children = (
				85831389292F6DA4004977EA /* Base */,
			);
			name = LaunchScreen.storyboard;
			sourceTree = "<group>";
		};
/* End PBXVariantGroup section */

/* Begin XCBuildConfiguration section */
		858313A2292F6DA5004977EA /* Debug */ = {
			isa = XCBuildConfiguration;
			buildSettings = {
				ALWAYS_SEARCH_USER_PATHS = NO;
				CLANG_ANALYZER_NONNULL = YES;
				CLANG_ANALYZER_NUMBER_OBJECT_CONVERSION = YES_AGGRESSIVE;
				CLANG_CXX_LANGUAGE_STANDARD = "gnu++17";
				CLANG_ENABLE_MODULES = YES;
				CLANG_ENABLE_OBJC_ARC = YES;
				CLANG_ENABLE_OBJC_WEAK = YES;
				CLANG_WARN_BLOCK_CAPTURE_AUTORELEASING = YES;
				CLANG_WARN_BOOL_CONVERSION = YES;
				CLANG_WARN_COMMA = YES;
				CLANG_WARN_CONSTANT_CONVERSION = YES;
				CLANG_WARN_DEPRECATED_OBJC_IMPLEMENTATIONS = YES;
				CLANG_WARN_DIRECT_OBJC_ISA_USAGE = YES_ERROR;
				CLANG_WARN_DOCUMENTATION_COMMENTS = YES;
				CLANG_WARN_EMPTY_BODY = YES;
				CLANG_WARN_ENUM_CONVERSION = YES;
				CLANG_WARN_INFINITE_RECURSION = YES;
				CLANG_WARN_INT_CONVERSION = YES;
				CLANG_WARN_NON_LITERAL_NULL_CONVERSION = YES;
				CLANG_WARN_OBJC_IMPLICIT_RETAIN_SELF = YES;
				CLANG_WARN_OBJC_LITERAL_CONVERSION = YES;
				CLANG_WARN_OBJC_ROOT_CLASS = YES_ERROR;
				CLANG_WARN_QUOTED_INCLUDE_IN_FRAMEWORK_HEADER = YES;
				CLANG_WARN_RANGE_LOOP_ANALYSIS = YES;
				CLANG_WARN_STRICT_PROTOTYPES = YES;
				CLANG_WARN_SUSPICIOUS_MOVE = YES;
				CLANG_WARN_UNGUARDED_AVAILABILITY = YES_AGGRESSIVE;
				CLANG_WARN_UNREACHABLE_CODE = YES;
				CLANG_WARN__DUPLICATE_METHOD_MATCH = YES;
				COPY_PHASE_STRIP = NO;
				DEBUG_INFORMATION_FORMAT = dwarf;
				ENABLE_STRICT_OBJC_MSGSEND = YES;
				ENABLE_TESTABILITY = YES;
				GCC_C_LANGUAGE_STANDARD = gnu11;
				GCC_DYNAMIC_NO_PIC = NO;
				GCC_NO_COMMON_BLOCKS = YES;
				GCC_OPTIMIZATION_LEVEL = 0;
				GCC_PREPROCESSOR_DEFINITIONS = (
					"DEBUG=1",
					"$(inherited)",
				);
				GCC_WARN_64_TO_32_BIT_CONVERSION = YES;
				GCC_WARN_ABOUT_RETURN_TYPE = YES_ERROR;
				GCC_WARN_UNDECLARED_SELECTOR = YES;
				GCC_WARN_UNINITIALIZED_AUTOS = YES_AGGRESSIVE;
				GCC_WARN_UNUSED_FUNCTION = YES;
				GCC_WARN_UNUSED_VARIABLE = YES;
				IPHONEOS_DEPLOYMENT_TARGET = 15.5;
				MTL_ENABLE_DEBUG_INFO = INCLUDE_SOURCE;
				MTL_FAST_MATH = YES;
				ONLY_ACTIVE_ARCH = YES;
				SDKROOT = iphoneos;
				SWIFT_ACTIVE_COMPILATION_CONDITIONS = DEBUG;
				SWIFT_OPTIMIZATION_LEVEL = "-Onone";
			};
			name = Debug;
		};
		858313A3292F6DA5004977EA /* Release */ = {
			isa = XCBuildConfiguration;
			buildSettings = {
				ALWAYS_SEARCH_USER_PATHS = NO;
				CLANG_ANALYZER_NONNULL = YES;
				CLANG_ANALYZER_NUMBER_OBJECT_CONVERSION = YES_AGGRESSIVE;
				CLANG_CXX_LANGUAGE_STANDARD = "gnu++17";
				CLANG_ENABLE_MODULES = YES;
				CLANG_ENABLE_OBJC_ARC = YES;
				CLANG_ENABLE_OBJC_WEAK = YES;
				CLANG_WARN_BLOCK_CAPTURE_AUTORELEASING = YES;
				CLANG_WARN_BOOL_CONVERSION = YES;
				CLANG_WARN_COMMA = YES;
				CLANG_WARN_CONSTANT_CONVERSION = YES;
				CLANG_WARN_DEPRECATED_OBJC_IMPLEMENTATIONS = YES;
				CLANG_WARN_DIRECT_OBJC_ISA_USAGE = YES_ERROR;
				CLANG_WARN_DOCUMENTATION_COMMENTS = YES;
				CLANG_WARN_EMPTY_BODY = YES;
				CLANG_WARN_ENUM_CONVERSION = YES;
				CLANG_WARN_INFINITE_RECURSION = YES;
				CLANG_WARN_INT_CONVERSION = YES;
				CLANG_WARN_NON_LITERAL_NULL_CONVERSION = YES;
				CLANG_WARN_OBJC_IMPLICIT_RETAIN_SELF = YES;
				CLANG_WARN_OBJC_LITERAL_CONVERSION = YES;
				CLANG_WARN_OBJC_ROOT_CLASS = YES_ERROR;
				CLANG_WARN_QUOTED_INCLUDE_IN_FRAMEWORK_HEADER = YES;
				CLANG_WARN_RANGE_LOOP_ANALYSIS = YES;
				CLANG_WARN_STRICT_PROTOTYPES = YES;
				CLANG_WARN_SUSPICIOUS_MOVE = YES;
				CLANG_WARN_UNGUARDED_AVAILABILITY = YES_AGGRESSIVE;
				CLANG_WARN_UNREACHABLE_CODE = YES;
				CLANG_WARN__DUPLICATE_METHOD_MATCH = YES;
				COPY_PHASE_STRIP = NO;
				DEBUG_INFORMATION_FORMAT = "dwarf-with-dsym";
				ENABLE_NS_ASSERTIONS = NO;
				ENABLE_STRICT_OBJC_MSGSEND = YES;
				GCC_C_LANGUAGE_STANDARD = gnu11;
				GCC_NO_COMMON_BLOCKS = YES;
				GCC_WARN_64_TO_32_BIT_CONVERSION = YES;
				GCC_WARN_ABOUT_RETURN_TYPE = YES_ERROR;
				GCC_WARN_UNDECLARED_SELECTOR = YES;
				GCC_WARN_UNINITIALIZED_AUTOS = YES_AGGRESSIVE;
				GCC_WARN_UNUSED_FUNCTION = YES;
				GCC_WARN_UNUSED_VARIABLE = YES;
				IPHONEOS_DEPLOYMENT_TARGET = 15.5;
				MTL_ENABLE_DEBUG_INFO = NO;
				MTL_FAST_MATH = YES;
				SDKROOT = iphoneos;
				SWIFT_COMPILATION_MODE = wholemodule;
				SWIFT_OPTIMIZATION_LEVEL = "-O";
				VALIDATE_PRODUCT = YES;
			};
			name = Release;
		};
		858313A5292F6DA5004977EA /* Debug */ = {
			isa = XCBuildConfiguration;
			buildSettings = {
				ASSETCATALOG_COMPILER_APPICON_NAME = AppIcon;
				ASSETCATALOG_COMPILER_GLOBAL_ACCENT_COLOR_NAME = AccentColor;
				CODE_SIGN_STYLE = Automatic;
				CURRENT_PROJECT_VERSION = 1;
				DEVELOPMENT_TEAM = YY8J3FPYX8;
				GENERATE_INFOPLIST_FILE = YES;
				INFOPLIST_FILE = AppTemplate/Resources/Info.plist;
				INFOPLIST_KEY_UIApplicationSupportsIndirectInputEvents = YES;
				INFOPLIST_KEY_UILaunchStoryboardName = LaunchScreen;
				INFOPLIST_KEY_UISupportedInterfaceOrientations_iPad = "UIInterfaceOrientationPortrait UIInterfaceOrientationPortraitUpsideDown UIInterfaceOrientationLandscapeLeft UIInterfaceOrientationLandscapeRight";
				INFOPLIST_KEY_UISupportedInterfaceOrientations_iPhone = "UIInterfaceOrientationPortrait UIInterfaceOrientationLandscapeLeft UIInterfaceOrientationLandscapeRight";
				LD_RUNPATH_SEARCH_PATHS = (
					"$(inherited)",
					"@executable_path/Frameworks",
				);
				MARKETING_VERSION = 1.0;
				PRODUCT_BUNDLE_IDENTIFIER = com.timothyrosenvall.AppTemplate;
				PRODUCT_NAME = "$(TARGET_NAME)";
				SWIFT_EMIT_LOC_STRINGS = YES;
				SWIFT_VERSION = 5.0;
				TARGETED_DEVICE_FAMILY = "1,2";
			};
			name = Debug;
		};
		858313A6292F6DA5004977EA /* Release */ = {
			isa = XCBuildConfiguration;
			buildSettings = {
				ASSETCATALOG_COMPILER_APPICON_NAME = AppIcon;
				ASSETCATALOG_COMPILER_GLOBAL_ACCENT_COLOR_NAME = AccentColor;
				CODE_SIGN_STYLE = Automatic;
				CURRENT_PROJECT_VERSION = 1;
				DEVELOPMENT_TEAM = YY8J3FPYX8;
				GENERATE_INFOPLIST_FILE = YES;
				INFOPLIST_FILE = AppTemplate/Resources/Info.plist;
				INFOPLIST_KEY_UIApplicationSupportsIndirectInputEvents = YES;
				INFOPLIST_KEY_UILaunchStoryboardName = LaunchScreen;
				INFOPLIST_KEY_UISupportedInterfaceOrientations_iPad = "UIInterfaceOrientationPortrait UIInterfaceOrientationPortraitUpsideDown UIInterfaceOrientationLandscapeLeft UIInterfaceOrientationLandscapeRight";
				INFOPLIST_KEY_UISupportedInterfaceOrientations_iPhone = "UIInterfaceOrientationPortrait UIInterfaceOrientationLandscapeLeft UIInterfaceOrientationLandscapeRight";
				LD_RUNPATH_SEARCH_PATHS = (
					"$(inherited)",
					"@executable_path/Frameworks",
				);
				MARKETING_VERSION = 1.0;
				PRODUCT_BUNDLE_IDENTIFIER = com.timothyrosenvall.AppTemplate;
				PRODUCT_NAME = "$(TARGET_NAME)";
				SWIFT_EMIT_LOC_STRINGS = YES;
				SWIFT_VERSION = 5.0;
				TARGETED_DEVICE_FAMILY = "1,2";
			};
			name = Release;
		};
		858313A8292F6DA5004977EA /* Debug */ = {
			isa = XCBuildConfiguration;
			buildSettings = {
				ALWAYS_EMBED_SWIFT_STANDARD_LIBRARIES = YES;
				BUNDLE_LOADER = "$(TEST_HOST)";
				CLANG_ENABLE_MODULES = YES;
				CODE_SIGN_STYLE = Automatic;
				CURRENT_PROJECT_VERSION = 1;
				DEVELOPMENT_TEAM = YY8J3FPYX8;
				GENERATE_INFOPLIST_FILE = YES;
				IPHONEOS_DEPLOYMENT_TARGET = 15.5;
				LD_RUNPATH_SEARCH_PATHS = (
					"$(inherited)",
					"@executable_path/Frameworks",
					"@loader_path/Frameworks",
				);
				MARKETING_VERSION = 1.0;
				PRODUCT_BUNDLE_IDENTIFIER = com.timothyrosenvall.AppTemplateTests;
				PRODUCT_NAME = "$(TARGET_NAME)";
				SWIFT_EMIT_LOC_STRINGS = NO;
				SWIFT_OPTIMIZATION_LEVEL = "-Onone";
				SWIFT_VERSION = 5.0;
				TARGETED_DEVICE_FAMILY = "1,2";
				TEST_HOST = "$(BUILT_PRODUCTS_DIR)/AppTemplate.app/AppTemplate";
			};
			name = Debug;
		};
		858313A9292F6DA5004977EA /* Release */ = {
			isa = XCBuildConfiguration;
			buildSettings = {
				ALWAYS_EMBED_SWIFT_STANDARD_LIBRARIES = YES;
				BUNDLE_LOADER = "$(TEST_HOST)";
				CLANG_ENABLE_MODULES = YES;
				CODE_SIGN_STYLE = Automatic;
				CURRENT_PROJECT_VERSION = 1;
				DEVELOPMENT_TEAM = YY8J3FPYX8;
				GENERATE_INFOPLIST_FILE = YES;
				IPHONEOS_DEPLOYMENT_TARGET = 15.5;
				LD_RUNPATH_SEARCH_PATHS = (
					"$(inherited)",
					"@executable_path/Frameworks",
					"@loader_path/Frameworks",
				);
				MARKETING_VERSION = 1.0;
				PRODUCT_BUNDLE_IDENTIFIER = com.timothyrosenvall.AppTemplateTests;
				PRODUCT_NAME = "$(TARGET_NAME)";
				SWIFT_EMIT_LOC_STRINGS = NO;
				SWIFT_VERSION = 5.0;
				TARGETED_DEVICE_FAMILY = "1,2";
				TEST_HOST = "$(BUILT_PRODUCTS_DIR)/AppTemplate.app/AppTemplate";
			};
			name = Release;
		};
/* End XCBuildConfiguration section */

/* Begin XCConfigurationList section */
		85831375292F6D9F004977EA /* Build configuration list for PBXProject "AppTemplate" */ = {
			isa = XCConfigurationList;
			buildConfigurations = (
				858313A2292F6DA5004977EA /* Debug */,
				858313A3292F6DA5004977EA /* Release */,
			);
			defaultConfigurationIsVisible = 0;
			defaultConfigurationName = Release;
		};
		858313A4292F6DA5004977EA /* Build configuration list for PBXNativeTarget "AppTemplate" */ = {
			isa = XCConfigurationList;
			buildConfigurations = (
				858313A5292F6DA5004977EA /* Debug */,
				858313A6292F6DA5004977EA /* Release */,
			);
			defaultConfigurationIsVisible = 0;
			defaultConfigurationName = Release;
		};
		858313A7292F6DA5004977EA /* Build configuration list for PBXNativeTarget "AppTemplateTests" */ = {
			isa = XCConfigurationList;
			buildConfigurations = (
				858313A8292F6DA5004977EA /* Debug */,
				858313A9292F6DA5004977EA /* Release */,
			);
			defaultConfigurationIsVisible = 0;
			defaultConfigurationName = Release;
		};
/* End XCConfigurationList section */
	};
	rootObject = 85831372292F6D9F004977EA /* Project object */;
}
